
Microsoft Visual Studio Solution File, Format Version 12.00
# Visual Studio Version 16
VisualStudioVersion = 16.0.31112.23
MinimumVisualStudioVersion = 10.0.40219.1
Project("{9A19103F-16F7-4668-BE54-9A1E7A4F7556}") = "Wirtualnik.Server", "Wirtualnik.Server\Wirtualnik.Server.csproj", "{60AEEB9D-4D8E-485B-A004-B287E6207EE1}"
EndProject
Project("{9A19103F-16F7-4668-BE54-9A1E7A4F7556}") = "Wirtualnik.XF", "Wirtualnik.XF\Wirtualnik.XF.csproj", "{1D78E57D-3A50-423C-BE95-BF36B818092E}"
EndProject
Project("{FAE04EC0-301F-11D3-BF4B-00C04F79EFBC}") = "Wirtualnik.XF.Android", "Wirtualnik.XF.Android\Wirtualnik.XF.Android.csproj", "{5D6020E0-0C13-4E0A-B0EC-096795BB3BD6}"
EndProject
Project("{FAE04EC0-301F-11D3-BF4B-00C04F79EFBC}") = "Wirtualnik.XF.iOS", "Wirtualnik.XF.iOS\Wirtualnik.XF.iOS.csproj", "{6645BDDE-A91E-4277-99DA-6265E471BD11}"
EndProject
Project("{9A19103F-16F7-4668-BE54-9A1E7A4F7556}") = "Wirtualnik.Data", "Wirtualnik.Data\Wirtualnik.Data.csproj", "{56B5EFFA-DC54-4A77-B92A-D7E14E1D98F4}"
EndProject
Project("{2150E333-8FDC-42A3-9474-1A3956D46DE8}") = "Solution Items", "Solution Items", "{8DE3774C-C657-45C0-8E6A-90FB48E0CEE5}"
	ProjectSection(SolutionItems) = preProject
		.editorconfig = .editorconfig
		Settings.XamlStyler = Settings.XamlStyler
	EndProjectSection
EndProject
Project("{9A19103F-16F7-4668-BE54-9A1E7A4F7556}") = "Wirtualnik.Repository", "Wirtualnik.Repository\Wirtualnik.Repository.csproj", "{62C920D1-BD94-47F0-BEAB-50F6428DD53B}"
EndProject
Project("{2150E333-8FDC-42A3-9474-1A3956D46DE8}") = "Backend", "Backend", "{BFB83316-472D-452E-A5DD-7B5C47CE435B}"
EndProject
Project("{2150E333-8FDC-42A3-9474-1A3956D46DE8}") = "Mobile", "Mobile", "{927BA1D5-EFE2-40E8-9838-B1C20FB86F6C}"
EndProject
Project("{9A19103F-16F7-4668-BE54-9A1E7A4F7556}") = "Wirtualnik.Shared", "Wirtualnik.Shared\Wirtualnik.Shared.csproj", "{4BE16262-0E18-44A7-9B50-503CCA9A3AA4}"
EndProject
Project("{9A19103F-16F7-4668-BE54-9A1E7A4F7556}") = "Wirtualnik.Service", "Wirtualnik.Service\Wirtualnik.Service.csproj", "{E239185C-A2DC-4564-98A6-979F8CCC4645}"
EndProject
Project("{2150E333-8FDC-42A3-9474-1A3956D46DE8}") = "Utils", "Utils", "{D4F081D7-D690-418B-AB95-35809CC30C6C}"
EndProject
Project("{9A19103F-16F7-4668-BE54-9A1E7A4F7556}") = "ApiClientGenerator", "ApiClientGenerator\ApiClientGenerator.csproj", "{CD5270F3-4435-4830-978B-61114A9ED48D}"
EndProject
Global
	GlobalSection(SolutionConfigurationPlatforms) = preSolution
		Ad-Hoc|Any CPU = Ad-Hoc|Any CPU
		Ad-Hoc|iPhone = Ad-Hoc|iPhone
		Ad-Hoc|iPhoneSimulator = Ad-Hoc|iPhoneSimulator
		AppStore|Any CPU = AppStore|Any CPU
		AppStore|iPhone = AppStore|iPhone
		AppStore|iPhoneSimulator = AppStore|iPhoneSimulator
		Debug|Any CPU = Debug|Any CPU
		Debug|iPhone = Debug|iPhone
		Debug|iPhoneSimulator = Debug|iPhoneSimulator
		Release|Any CPU = Release|Any CPU
		Release|iPhone = Release|iPhone
		Release|iPhoneSimulator = Release|iPhoneSimulator
	EndGlobalSection
	GlobalSection(ProjectConfigurationPlatforms) = postSolution
		{60AEEB9D-4D8E-485B-A004-B287E6207EE1}.Ad-Hoc|Any CPU.ActiveCfg = Release|Any CPU
		{60AEEB9D-4D8E-485B-A004-B287E6207EE1}.Ad-Hoc|Any CPU.Build.0 = Release|Any CPU
		{60AEEB9D-4D8E-485B-A004-B287E6207EE1}.Ad-Hoc|iPhone.ActiveCfg = Release|Any CPU
		{60AEEB9D-4D8E-485B-A004-B287E6207EE1}.Ad-Hoc|iPhone.Build.0 = Release|Any CPU
		{60AEEB9D-4D8E-485B-A004-B287E6207EE1}.Ad-Hoc|iPhoneSimulator.ActiveCfg = Release|Any CPU
		{60AEEB9D-4D8E-485B-A004-B287E6207EE1}.Ad-Hoc|iPhoneSimulator.Build.0 = Release|Any CPU
		{60AEEB9D-4D8E-485B-A004-B287E6207EE1}.AppStore|Any CPU.ActiveCfg = Release|Any CPU
		{60AEEB9D-4D8E-485B-A004-B287E6207EE1}.AppStore|Any CPU.Build.0 = Release|Any CPU
		{60AEEB9D-4D8E-485B-A004-B287E6207EE1}.AppStore|iPhone.ActiveCfg = Release|Any CPU
		{60AEEB9D-4D8E-485B-A004-B287E6207EE1}.AppStore|iPhone.Build.0 = Release|Any CPU
		{60AEEB9D-4D8E-485B-A004-B287E6207EE1}.AppStore|iPhoneSimulator.ActiveCfg = Release|Any CPU
		{60AEEB9D-4D8E-485B-A004-B287E6207EE1}.AppStore|iPhoneSimulator.Build.0 = Release|Any CPU
		{60AEEB9D-4D8E-485B-A004-B287E6207EE1}.Debug|Any CPU.ActiveCfg = Debug|Any CPU
		{60AEEB9D-4D8E-485B-A004-B287E6207EE1}.Debug|Any CPU.Build.0 = Debug|Any CPU
		{60AEEB9D-4D8E-485B-A004-B287E6207EE1}.Debug|iPhone.ActiveCfg = Debug|Any CPU
		{60AEEB9D-4D8E-485B-A004-B287E6207EE1}.Debug|iPhone.Build.0 = Debug|Any CPU
		{60AEEB9D-4D8E-485B-A004-B287E6207EE1}.Debug|iPhoneSimulator.ActiveCfg = Debug|Any CPU
		{60AEEB9D-4D8E-485B-A004-B287E6207EE1}.Debug|iPhoneSimulator.Build.0 = Debug|Any CPU
		{60AEEB9D-4D8E-485B-A004-B287E6207EE1}.Release|Any CPU.ActiveCfg = Release|Any CPU
		{60AEEB9D-4D8E-485B-A004-B287E6207EE1}.Release|Any CPU.Build.0 = Release|Any CPU
		{60AEEB9D-4D8E-485B-A004-B287E6207EE1}.Release|iPhone.ActiveCfg = Release|Any CPU
		{60AEEB9D-4D8E-485B-A004-B287E6207EE1}.Release|iPhone.Build.0 = Release|Any CPU
		{60AEEB9D-4D8E-485B-A004-B287E6207EE1}.Release|iPhoneSimulator.ActiveCfg = Release|Any CPU
		{60AEEB9D-4D8E-485B-A004-B287E6207EE1}.Release|iPhoneSimulator.Build.0 = Release|Any CPU
		{1D78E57D-3A50-423C-BE95-BF36B818092E}.Ad-Hoc|Any CPU.ActiveCfg = Debug|Any CPU
		{1D78E57D-3A50-423C-BE95-BF36B818092E}.Ad-Hoc|Any CPU.Build.0 = Debug|Any CPU
		{1D78E57D-3A50-423C-BE95-BF36B818092E}.Ad-Hoc|iPhone.ActiveCfg = Debug|Any CPU
		{1D78E57D-3A50-423C-BE95-BF36B818092E}.Ad-Hoc|iPhone.Build.0 = Debug|Any CPU
		{1D78E57D-3A50-423C-BE95-BF36B818092E}.Ad-Hoc|iPhoneSimulator.ActiveCfg = Debug|Any CPU
		{1D78E57D-3A50-423C-BE95-BF36B818092E}.Ad-Hoc|iPhoneSimulator.Build.0 = Debug|Any CPU
		{1D78E57D-3A50-423C-BE95-BF36B818092E}.AppStore|Any CPU.ActiveCfg = Debug|Any CPU
		{1D78E57D-3A50-423C-BE95-BF36B818092E}.AppStore|Any CPU.Build.0 = Debug|Any CPU
		{1D78E57D-3A50-423C-BE95-BF36B818092E}.AppStore|iPhone.ActiveCfg = Debug|Any CPU
		{1D78E57D-3A50-423C-BE95-BF36B818092E}.AppStore|iPhone.Build.0 = Debug|Any CPU
		{1D78E57D-3A50-423C-BE95-BF36B818092E}.AppStore|iPhoneSimulator.ActiveCfg = Debug|Any CPU
		{1D78E57D-3A50-423C-BE95-BF36B818092E}.AppStore|iPhoneSimulator.Build.0 = Debug|Any CPU
		{1D78E57D-3A50-423C-BE95-BF36B818092E}.Debug|Any CPU.ActiveCfg = Debug|Any CPU
		{1D78E57D-3A50-423C-BE95-BF36B818092E}.Debug|Any CPU.Build.0 = Debug|Any CPU
		{1D78E57D-3A50-423C-BE95-BF36B818092E}.Debug|iPhone.ActiveCfg = Debug|Any CPU
		{1D78E57D-3A50-423C-BE95-BF36B818092E}.Debug|iPhone.Build.0 = Debug|Any CPU
		{1D78E57D-3A50-423C-BE95-BF36B818092E}.Debug|iPhoneSimulator.ActiveCfg = Debug|Any CPU
		{1D78E57D-3A50-423C-BE95-BF36B818092E}.Debug|iPhoneSimulator.Build.0 = Debug|Any CPU
		{1D78E57D-3A50-423C-BE95-BF36B818092E}.Release|Any CPU.ActiveCfg = Release|Any CPU
		{1D78E57D-3A50-423C-BE95-BF36B818092E}.Release|Any CPU.Build.0 = Release|Any CPU
		{1D78E57D-3A50-423C-BE95-BF36B818092E}.Release|iPhone.ActiveCfg = Release|Any CPU
		{1D78E57D-3A50-423C-BE95-BF36B818092E}.Release|iPhone.Build.0 = Release|Any CPU
		{1D78E57D-3A50-423C-BE95-BF36B818092E}.Release|iPhoneSimulator.ActiveCfg = Release|Any CPU
		{1D78E57D-3A50-423C-BE95-BF36B818092E}.Release|iPhoneSimulator.Build.0 = Release|Any CPU
		{5D6020E0-0C13-4E0A-B0EC-096795BB3BD6}.Ad-Hoc|Any CPU.ActiveCfg = Debug|Any CPU
		{5D6020E0-0C13-4E0A-B0EC-096795BB3BD6}.Ad-Hoc|Any CPU.Build.0 = Debug|Any CPU
		{5D6020E0-0C13-4E0A-B0EC-096795BB3BD6}.Ad-Hoc|Any CPU.Deploy.0 = Debug|Any CPU
		{5D6020E0-0C13-4E0A-B0EC-096795BB3BD6}.Ad-Hoc|iPhone.ActiveCfg = Debug|Any CPU
		{5D6020E0-0C13-4E0A-B0EC-096795BB3BD6}.Ad-Hoc|iPhone.Build.0 = Debug|Any CPU
		{5D6020E0-0C13-4E0A-B0EC-096795BB3BD6}.Ad-Hoc|iPhone.Deploy.0 = Debug|Any CPU
		{5D6020E0-0C13-4E0A-B0EC-096795BB3BD6}.Ad-Hoc|iPhoneSimulator.ActiveCfg = Debug|Any CPU
		{5D6020E0-0C13-4E0A-B0EC-096795BB3BD6}.Ad-Hoc|iPhoneSimulator.Build.0 = Debug|Any CPU
		{5D6020E0-0C13-4E0A-B0EC-096795BB3BD6}.Ad-Hoc|iPhoneSimulator.Deploy.0 = Debug|Any CPU
		{5D6020E0-0C13-4E0A-B0EC-096795BB3BD6}.AppStore|Any CPU.ActiveCfg = Debug|Any CPU
		{5D6020E0-0C13-4E0A-B0EC-096795BB3BD6}.AppStore|Any CPU.Build.0 = Debug|Any CPU
		{5D6020E0-0C13-4E0A-B0EC-096795BB3BD6}.AppStore|Any CPU.Deploy.0 = Debug|Any CPU
		{5D6020E0-0C13-4E0A-B0EC-096795BB3BD6}.AppStore|iPhone.ActiveCfg = Debug|Any CPU
		{5D6020E0-0C13-4E0A-B0EC-096795BB3BD6}.AppStore|iPhone.Build.0 = Debug|Any CPU
		{5D6020E0-0C13-4E0A-B0EC-096795BB3BD6}.AppStore|iPhone.Deploy.0 = Debug|Any CPU
		{5D6020E0-0C13-4E0A-B0EC-096795BB3BD6}.AppStore|iPhoneSimulator.ActiveCfg = Debug|Any CPU
		{5D6020E0-0C13-4E0A-B0EC-096795BB3BD6}.AppStore|iPhoneSimulator.Build.0 = Debug|Any CPU
		{5D6020E0-0C13-4E0A-B0EC-096795BB3BD6}.AppStore|iPhoneSimulator.Deploy.0 = Debug|Any CPU
		{5D6020E0-0C13-4E0A-B0EC-096795BB3BD6}.Debug|Any CPU.ActiveCfg = Debug|Any CPU
		{5D6020E0-0C13-4E0A-B0EC-096795BB3BD6}.Debug|Any CPU.Build.0 = Debug|Any CPU
		{5D6020E0-0C13-4E0A-B0EC-096795BB3BD6}.Debug|Any CPU.Deploy.0 = Debug|Any CPU
		{5D6020E0-0C13-4E0A-B0EC-096795BB3BD6}.Debug|iPhone.ActiveCfg = Debug|Any CPU
		{5D6020E0-0C13-4E0A-B0EC-096795BB3BD6}.Debug|iPhone.Build.0 = Debug|Any CPU
		{5D6020E0-0C13-4E0A-B0EC-096795BB3BD6}.Debug|iPhone.Deploy.0 = Debug|Any CPU
		{5D6020E0-0C13-4E0A-B0EC-096795BB3BD6}.Debug|iPhoneSimulator.ActiveCfg = Debug|Any CPU
		{5D6020E0-0C13-4E0A-B0EC-096795BB3BD6}.Debug|iPhoneSimulator.Build.0 = Debug|Any CPU
		{5D6020E0-0C13-4E0A-B0EC-096795BB3BD6}.Debug|iPhoneSimulator.Deploy.0 = Debug|Any CPU
		{5D6020E0-0C13-4E0A-B0EC-096795BB3BD6}.Release|Any CPU.ActiveCfg = Release|Any CPU
		{5D6020E0-0C13-4E0A-B0EC-096795BB3BD6}.Release|Any CPU.Build.0 = Release|Any CPU
		{5D6020E0-0C13-4E0A-B0EC-096795BB3BD6}.Release|Any CPU.Deploy.0 = Release|Any CPU
		{5D6020E0-0C13-4E0A-B0EC-096795BB3BD6}.Release|iPhone.ActiveCfg = Release|Any CPU
		{5D6020E0-0C13-4E0A-B0EC-096795BB3BD6}.Release|iPhone.Build.0 = Release|Any CPU
		{5D6020E0-0C13-4E0A-B0EC-096795BB3BD6}.Release|iPhone.Deploy.0 = Release|Any CPU
		{5D6020E0-0C13-4E0A-B0EC-096795BB3BD6}.Release|iPhoneSimulator.ActiveCfg = Release|Any CPU
		{5D6020E0-0C13-4E0A-B0EC-096795BB3BD6}.Release|iPhoneSimulator.Build.0 = Release|Any CPU
		{5D6020E0-0C13-4E0A-B0EC-096795BB3BD6}.Release|iPhoneSimulator.Deploy.0 = Release|Any CPU
		{6645BDDE-A91E-4277-99DA-6265E471BD11}.Ad-Hoc|Any CPU.ActiveCfg = Ad-Hoc|iPhoneSimulator
		{6645BDDE-A91E-4277-99DA-6265E471BD11}.Ad-Hoc|iPhone.ActiveCfg = Ad-Hoc|iPhone
		{6645BDDE-A91E-4277-99DA-6265E471BD11}.Ad-Hoc|iPhone.Build.0 = Ad-Hoc|iPhone
		{6645BDDE-A91E-4277-99DA-6265E471BD11}.Ad-Hoc|iPhoneSimulator.ActiveCfg = Ad-Hoc|iPhoneSimulator
		{6645BDDE-A91E-4277-99DA-6265E471BD11}.Ad-Hoc|iPhoneSimulator.Build.0 = Ad-Hoc|iPhoneSimulator
		{6645BDDE-A91E-4277-99DA-6265E471BD11}.AppStore|Any CPU.ActiveCfg = AppStore|iPhoneSimulator
		{6645BDDE-A91E-4277-99DA-6265E471BD11}.AppStore|iPhone.ActiveCfg = AppStore|iPhone
		{6645BDDE-A91E-4277-99DA-6265E471BD11}.AppStore|iPhone.Build.0 = AppStore|iPhone
		{6645BDDE-A91E-4277-99DA-6265E471BD11}.AppStore|iPhoneSimulator.ActiveCfg = AppStore|iPhoneSimulator
		{6645BDDE-A91E-4277-99DA-6265E471BD11}.AppStore|iPhoneSimulator.Build.0 = AppStore|iPhoneSimulator
		{6645BDDE-A91E-4277-99DA-6265E471BD11}.Debug|Any CPU.ActiveCfg = Debug|iPhoneSimulator
		{6645BDDE-A91E-4277-99DA-6265E471BD11}.Debug|iPhone.ActiveCfg = Debug|iPhone
		{6645BDDE-A91E-4277-99DA-6265E471BD11}.Debug|iPhone.Build.0 = Debug|iPhone
		{6645BDDE-A91E-4277-99DA-6265E471BD11}.Debug|iPhone.Deploy.0 = Debug|iPhone
		{6645BDDE-A91E-4277-99DA-6265E471BD11}.Debug|iPhoneSimulator.ActiveCfg = Debug|iPhoneSimulator
		{6645BDDE-A91E-4277-99DA-6265E471BD11}.Debug|iPhoneSimulator.Build.0 = Debug|iPhoneSimulator
		{6645BDDE-A91E-4277-99DA-6265E471BD11}.Release|Any CPU.ActiveCfg = Release|iPhoneSimulator
		{6645BDDE-A91E-4277-99DA-6265E471BD11}.Release|iPhone.ActiveCfg = Release|iPhone
		{6645BDDE-A91E-4277-99DA-6265E471BD11}.Release|iPhone.Build.0 = Release|iPhone
		{6645BDDE-A91E-4277-99DA-6265E471BD11}.Release|iPhoneSimulator.ActiveCfg = Release|iPhoneSimulator
		{6645BDDE-A91E-4277-99DA-6265E471BD11}.Release|iPhoneSimulator.Build.0 = Release|iPhoneSimulator
		{56B5EFFA-DC54-4A77-B92A-D7E14E1D98F4}.Ad-Hoc|Any CPU.ActiveCfg = Debug|Any CPU
		{56B5EFFA-DC54-4A77-B92A-D7E14E1D98F4}.Ad-Hoc|Any CPU.Build.0 = Debug|Any CPU
		{56B5EFFA-DC54-4A77-B92A-D7E14E1D98F4}.Ad-Hoc|iPhone.ActiveCfg = Debug|Any CPU
		{56B5EFFA-DC54-4A77-B92A-D7E14E1D98F4}.Ad-Hoc|iPhone.Build.0 = Debug|Any CPU
		{56B5EFFA-DC54-4A77-B92A-D7E14E1D98F4}.Ad-Hoc|iPhoneSimulator.ActiveCfg = Debug|Any CPU
		{56B5EFFA-DC54-4A77-B92A-D7E14E1D98F4}.Ad-Hoc|iPhoneSimulator.Build.0 = Debug|Any CPU
		{56B5EFFA-DC54-4A77-B92A-D7E14E1D98F4}.AppStore|Any CPU.ActiveCfg = Debug|Any CPU
		{56B5EFFA-DC54-4A77-B92A-D7E14E1D98F4}.AppStore|Any CPU.Build.0 = Debug|Any CPU
		{56B5EFFA-DC54-4A77-B92A-D7E14E1D98F4}.AppStore|iPhone.ActiveCfg = Debug|Any CPU
		{56B5EFFA-DC54-4A77-B92A-D7E14E1D98F4}.AppStore|iPhone.Build.0 = Debug|Any CPU
		{56B5EFFA-DC54-4A77-B92A-D7E14E1D98F4}.AppStore|iPhoneSimulator.ActiveCfg = Debug|Any CPU
		{56B5EFFA-DC54-4A77-B92A-D7E14E1D98F4}.AppStore|iPhoneSimulator.Build.0 = Debug|Any CPU
		{56B5EFFA-DC54-4A77-B92A-D7E14E1D98F4}.Debug|Any CPU.ActiveCfg = Debug|Any CPU
		{56B5EFFA-DC54-4A77-B92A-D7E14E1D98F4}.Debug|Any CPU.Build.0 = Debug|Any CPU
		{56B5EFFA-DC54-4A77-B92A-D7E14E1D98F4}.Debug|iPhone.ActiveCfg = Debug|Any CPU
		{56B5EFFA-DC54-4A77-B92A-D7E14E1D98F4}.Debug|iPhone.Build.0 = Debug|Any CPU
		{56B5EFFA-DC54-4A77-B92A-D7E14E1D98F4}.Debug|iPhoneSimulator.ActiveCfg = Debug|Any CPU
		{56B5EFFA-DC54-4A77-B92A-D7E14E1D98F4}.Debug|iPhoneSimulator.Build.0 = Debug|Any CPU
		{56B5EFFA-DC54-4A77-B92A-D7E14E1D98F4}.Release|Any CPU.ActiveCfg = Release|Any CPU
		{56B5EFFA-DC54-4A77-B92A-D7E14E1D98F4}.Release|Any CPU.Build.0 = Release|Any CPU
		{56B5EFFA-DC54-4A77-B92A-D7E14E1D98F4}.Release|iPhone.ActiveCfg = Release|Any CPU
		{56B5EFFA-DC54-4A77-B92A-D7E14E1D98F4}.Release|iPhone.Build.0 = Release|Any CPU
		{56B5EFFA-DC54-4A77-B92A-D7E14E1D98F4}.Release|iPhoneSimulator.ActiveCfg = Release|Any CPU
		{56B5EFFA-DC54-4A77-B92A-D7E14E1D98F4}.Release|iPhoneSimulator.Build.0 = Release|Any CPU
		{62C920D1-BD94-47F0-BEAB-50F6428DD53B}.Ad-Hoc|Any CPU.ActiveCfg = Debug|Any CPU
		{62C920D1-BD94-47F0-BEAB-50F6428DD53B}.Ad-Hoc|Any CPU.Build.0 = Debug|Any CPU
		{62C920D1-BD94-47F0-BEAB-50F6428DD53B}.Ad-Hoc|iPhone.ActiveCfg = Debug|Any CPU
		{62C920D1-BD94-47F0-BEAB-50F6428DD53B}.Ad-Hoc|iPhone.Build.0 = Debug|Any CPU
		{62C920D1-BD94-47F0-BEAB-50F6428DD53B}.Ad-Hoc|iPhoneSimulator.ActiveCfg = Debug|Any CPU
		{62C920D1-BD94-47F0-BEAB-50F6428DD53B}.Ad-Hoc|iPhoneSimulator.Build.0 = Debug|Any CPU
		{62C920D1-BD94-47F0-BEAB-50F6428DD53B}.AppStore|Any CPU.ActiveCfg = Debug|Any CPU
		{62C920D1-BD94-47F0-BEAB-50F6428DD53B}.AppStore|Any CPU.Build.0 = Debug|Any CPU
		{62C920D1-BD94-47F0-BEAB-50F6428DD53B}.AppStore|iPhone.ActiveCfg = Debug|Any CPU
		{62C920D1-BD94-47F0-BEAB-50F6428DD53B}.AppStore|iPhone.Build.0 = Debug|Any CPU
		{62C920D1-BD94-47F0-BEAB-50F6428DD53B}.AppStore|iPhoneSimulator.ActiveCfg = Debug|Any CPU
		{62C920D1-BD94-47F0-BEAB-50F6428DD53B}.AppStore|iPhoneSimulator.Build.0 = Debug|Any CPU
		{62C920D1-BD94-47F0-BEAB-50F6428DD53B}.Debug|Any CPU.ActiveCfg = Debug|Any CPU
		{62C920D1-BD94-47F0-BEAB-50F6428DD53B}.Debug|Any CPU.Build.0 = Debug|Any CPU
		{62C920D1-BD94-47F0-BEAB-50F6428DD53B}.Debug|iPhone.ActiveCfg = Debug|Any CPU
		{62C920D1-BD94-47F0-BEAB-50F6428DD53B}.Debug|iPhone.Build.0 = Debug|Any CPU
		{62C920D1-BD94-47F0-BEAB-50F6428DD53B}.Debug|iPhoneSimulator.ActiveCfg = Debug|Any CPU
		{62C920D1-BD94-47F0-BEAB-50F6428DD53B}.Debug|iPhoneSimulator.Build.0 = Debug|Any CPU
		{62C920D1-BD94-47F0-BEAB-50F6428DD53B}.Release|Any CPU.ActiveCfg = Release|Any CPU
		{62C920D1-BD94-47F0-BEAB-50F6428DD53B}.Release|Any CPU.Build.0 = Release|Any CPU
		{62C920D1-BD94-47F0-BEAB-50F6428DD53B}.Release|iPhone.ActiveCfg = Release|Any CPU
		{62C920D1-BD94-47F0-BEAB-50F6428DD53B}.Release|iPhone.Build.0 = Release|Any CPU
		{62C920D1-BD94-47F0-BEAB-50F6428DD53B}.Release|iPhoneSimulator.ActiveCfg = Release|Any CPU
		{62C920D1-BD94-47F0-BEAB-50F6428DD53B}.Release|iPhoneSimulator.Build.0 = Release|Any CPU
		{4BE16262-0E18-44A7-9B50-503CCA9A3AA4}.Ad-Hoc|Any CPU.ActiveCfg = Debug|Any CPU
		{4BE16262-0E18-44A7-9B50-503CCA9A3AA4}.Ad-Hoc|Any CPU.Build.0 = Debug|Any CPU
		{4BE16262-0E18-44A7-9B50-503CCA9A3AA4}.Ad-Hoc|iPhone.ActiveCfg = Debug|Any CPU
		{4BE16262-0E18-44A7-9B50-503CCA9A3AA4}.Ad-Hoc|iPhone.Build.0 = Debug|Any CPU
		{4BE16262-0E18-44A7-9B50-503CCA9A3AA4}.Ad-Hoc|iPhoneSimulator.ActiveCfg = Debug|Any CPU
		{4BE16262-0E18-44A7-9B50-503CCA9A3AA4}.Ad-Hoc|iPhoneSimulator.Build.0 = Debug|Any CPU
		{4BE16262-0E18-44A7-9B50-503CCA9A3AA4}.AppStore|Any CPU.ActiveCfg = Debug|Any CPU
		{4BE16262-0E18-44A7-9B50-503CCA9A3AA4}.AppStore|Any CPU.Build.0 = Debug|Any CPU
		{4BE16262-0E18-44A7-9B50-503CCA9A3AA4}.AppStore|iPhone.ActiveCfg = Debug|Any CPU
		{4BE16262-0E18-44A7-9B50-503CCA9A3AA4}.AppStore|iPhone.Build.0 = Debug|Any CPU
		{4BE16262-0E18-44A7-9B50-503CCA9A3AA4}.AppStore|iPhoneSimulator.ActiveCfg = Debug|Any CPU
		{4BE16262-0E18-44A7-9B50-503CCA9A3AA4}.AppStore|iPhoneSimulator.Build.0 = Debug|Any CPU
		{4BE16262-0E18-44A7-9B50-503CCA9A3AA4}.Debug|Any CPU.ActiveCfg = Debug|Any CPU
		{4BE16262-0E18-44A7-9B50-503CCA9A3AA4}.Debug|Any CPU.Build.0 = Debug|Any CPU
		{4BE16262-0E18-44A7-9B50-503CCA9A3AA4}.Debug|iPhone.ActiveCfg = Debug|Any CPU
		{4BE16262-0E18-44A7-9B50-503CCA9A3AA4}.Debug|iPhone.Build.0 = Debug|Any CPU
		{4BE16262-0E18-44A7-9B50-503CCA9A3AA4}.Debug|iPhoneSimulator.ActiveCfg = Debug|Any CPU
		{4BE16262-0E18-44A7-9B50-503CCA9A3AA4}.Debug|iPhoneSimulator.Build.0 = Debug|Any CPU
		{4BE16262-0E18-44A7-9B50-503CCA9A3AA4}.Release|Any CPU.ActiveCfg = Release|Any CPU
		{4BE16262-0E18-44A7-9B50-503CCA9A3AA4}.Release|Any CPU.Build.0 = Release|Any CPU
		{4BE16262-0E18-44A7-9B50-503CCA9A3AA4}.Release|iPhone.ActiveCfg = Release|Any CPU
		{4BE16262-0E18-44A7-9B50-503CCA9A3AA4}.Release|iPhone.Build.0 = Release|Any CPU
		{4BE16262-0E18-44A7-9B50-503CCA9A3AA4}.Release|iPhoneSimulator.ActiveCfg = Release|Any CPU
		{4BE16262-0E18-44A7-9B50-503CCA9A3AA4}.Release|iPhoneSimulator.Build.0 = Release|Any CPU
		{E239185C-A2DC-4564-98A6-979F8CCC4645}.Ad-Hoc|Any CPU.ActiveCfg = Debug|Any CPU
		{E239185C-A2DC-4564-98A6-979F8CCC4645}.Ad-Hoc|Any CPU.Build.0 = Debug|Any CPU
		{E239185C-A2DC-4564-98A6-979F8CCC4645}.Ad-Hoc|iPhone.ActiveCfg = Debug|Any CPU
		{E239185C-A2DC-4564-98A6-979F8CCC4645}.Ad-Hoc|iPhone.Build.0 = Debug|Any CPU
		{E239185C-A2DC-4564-98A6-979F8CCC4645}.Ad-Hoc|iPhoneSimulator.ActiveCfg = Debug|Any CPU
		{E239185C-A2DC-4564-98A6-979F8CCC4645}.Ad-Hoc|iPhoneSimulator.Build.0 = Debug|Any CPU
		{E239185C-A2DC-4564-98A6-979F8CCC4645}.AppStore|Any CPU.ActiveCfg = Debug|Any CPU
		{E239185C-A2DC-4564-98A6-979F8CCC4645}.AppStore|Any CPU.Build.0 = Debug|Any CPU
		{E239185C-A2DC-4564-98A6-979F8CCC4645}.AppStore|iPhone.ActiveCfg = Debug|Any CPU
		{E239185C-A2DC-4564-98A6-979F8CCC4645}.AppStore|iPhone.Build.0 = Debug|Any CPU
		{E239185C-A2DC-4564-98A6-979F8CCC4645}.AppStore|iPhoneSimulator.ActiveCfg = Debug|Any CPU
		{E239185C-A2DC-4564-98A6-979F8CCC4645}.AppStore|iPhoneSimulator.Build.0 = Debug|Any CPU
		{E239185C-A2DC-4564-98A6-979F8CCC4645}.Debug|Any CPU.ActiveCfg = Debug|Any CPU
		{E239185C-A2DC-4564-98A6-979F8CCC4645}.Debug|Any CPU.Build.0 = Debug|Any CPU
		{E239185C-A2DC-4564-98A6-979F8CCC4645}.Debug|iPhone.ActiveCfg = Debug|Any CPU
		{E239185C-A2DC-4564-98A6-979F8CCC4645}.Debug|iPhone.Build.0 = Debug|Any CPU
		{E239185C-A2DC-4564-98A6-979F8CCC4645}.Debug|iPhoneSimulator.ActiveCfg = Debug|Any CPU
		{E239185C-A2DC-4564-98A6-979F8CCC4645}.Debug|iPhoneSimulator.Build.0 = Debug|Any CPU
		{E239185C-A2DC-4564-98A6-979F8CCC4645}.Release|Any CPU.ActiveCfg = Release|Any CPU
		{E239185C-A2DC-4564-98A6-979F8CCC4645}.Release|Any CPU.Build.0 = Release|Any CPU
		{E239185C-A2DC-4564-98A6-979F8CCC4645}.Release|iPhone.ActiveCfg = Release|Any CPU
		{E239185C-A2DC-4564-98A6-979F8CCC4645}.Release|iPhone.Build.0 = Release|Any CPU
		{E239185C-A2DC-4564-98A6-979F8CCC4645}.Release|iPhoneSimulator.ActiveCfg = Release|Any CPU
		{E239185C-A2DC-4564-98A6-979F8CCC4645}.Release|iPhoneSimulator.Build.0 = Release|Any CPU
		{CD5270F3-4435-4830-978B-61114A9ED48D}.Ad-Hoc|Any CPU.ActiveCfg = Debug|Any CPU
		{CD5270F3-4435-4830-978B-61114A9ED48D}.Ad-Hoc|Any CPU.Build.0 = Debug|Any CPU
		{CD5270F3-4435-4830-978B-61114A9ED48D}.Ad-Hoc|iPhone.ActiveCfg = Debug|Any CPU
		{CD5270F3-4435-4830-978B-61114A9ED48D}.Ad-Hoc|iPhone.Build.0 = Debug|Any CPU
		{CD5270F3-4435-4830-978B-61114A9ED48D}.Ad-Hoc|iPhoneSimulator.ActiveCfg = Debug|Any CPU
		{CD5270F3-4435-4830-978B-61114A9ED48D}.Ad-Hoc|iPhoneSimulator.Build.0 = Debug|Any CPU
		{CD5270F3-4435-4830-978B-61114A9ED48D}.AppStore|Any CPU.ActiveCfg = Debug|Any CPU
		{CD5270F3-4435-4830-978B-61114A9ED48D}.AppStore|Any CPU.Build.0 = Debug|Any CPU
		{CD5270F3-4435-4830-978B-61114A9ED48D}.AppStore|iPhone.ActiveCfg = Debug|Any CPU
		{CD5270F3-4435-4830-978B-61114A9ED48D}.AppStore|iPhone.Build.0 = Debug|Any CPU
		{CD5270F3-4435-4830-978B-61114A9ED48D}.AppStore|iPhoneSimulator.ActiveCfg = Debug|Any CPU
		{CD5270F3-4435-4830-978B-61114A9ED48D}.AppStore|iPhoneSimulator.Build.0 = Debug|Any CPU
		{CD5270F3-4435-4830-978B-61114A9ED48D}.Debug|Any CPU.ActiveCfg = Debug|Any CPU
		{CD5270F3-4435-4830-978B-61114A9ED48D}.Debug|Any CPU.Build.0 = Debug|Any CPU
		{CD5270F3-4435-4830-978B-61114A9ED48D}.Debug|iPhone.ActiveCfg = Debug|Any CPU
		{CD5270F3-4435-4830-978B-61114A9ED48D}.Debug|iPhone.Build.0 = Debug|Any CPU
		{CD5270F3-4435-4830-978B-61114A9ED48D}.Debug|iPhoneSimulator.ActiveCfg = Debug|Any CPU
		{CD5270F3-4435-4830-978B-61114A9ED48D}.Debug|iPhoneSimulator.Build.0 = Debug|Any CPU
		{CD5270F3-4435-4830-978B-61114A9ED48D}.Release|Any CPU.ActiveCfg = Release|Any CPU
		{CD5270F3-4435-4830-978B-61114A9ED48D}.Release|Any CPU.Build.0 = Release|Any CPU
		{CD5270F3-4435-4830-978B-61114A9ED48D}.Release|iPhone.ActiveCfg = Release|Any CPU
		{CD5270F3-4435-4830-978B-61114A9ED48D}.Release|iPhone.Build.0 = Release|Any CPU
		{CD5270F3-4435-4830-978B-61114A9ED48D}.Release|iPhoneSimulator.ActiveCfg = Release|Any CPU
		{CD5270F3-4435-4830-978B-61114A9ED48D}.Release|iPhoneSimulator.Build.0 = Release|Any CPU
	EndGlobalSection
	GlobalSection(SolutionProperties) = preSolution
		HideSolutionNode = FALSE
	EndGlobalSection
	GlobalSection(NestedProjects) = preSolution
		{60AEEB9D-4D8E-485B-A004-B287E6207EE1} = {BFB83316-472D-452E-A5DD-7B5C47CE435B}
		{1D78E57D-3A50-423C-BE95-BF36B818092E} = {927BA1D5-EFE2-40E8-9838-B1C20FB86F6C}
		{5D6020E0-0C13-4E0A-B0EC-096795BB3BD6} = {927BA1D5-EFE2-40E8-9838-B1C20FB86F6C}
		{6645BDDE-A91E-4277-99DA-6265E471BD11} = {927BA1D5-EFE2-40E8-9838-B1C20FB86F6C}
		{56B5EFFA-DC54-4A77-B92A-D7E14E1D98F4} = {BFB83316-472D-452E-A5DD-7B5C47CE435B}
		{62C920D1-BD94-47F0-BEAB-50F6428DD53B} = {BFB83316-472D-452E-A5DD-7B5C47CE435B}
		{4BE16262-0E18-44A7-9B50-503CCA9A3AA4} = {BFB83316-472D-452E-A5DD-7B5C47CE435B}
		{E239185C-A2DC-4564-98A6-979F8CCC4645} = {BFB83316-472D-452E-A5DD-7B5C47CE435B}
		{CD5270F3-4435-4830-978B-61114A9ED48D} = {D4F081D7-D690-418B-AB95-35809CC30C6C}
	EndGlobalSection
	GlobalSection(ExtensibilityGlobals) = postSolution
		SolutionGuid = {570998F7-B168-4075-83F8-7BF083B31D41}
	EndGlobalSection
EndGlobal
