
Microsoft Visual Studio Solution File, Format Version 12.00
# Visual Studio Version 16
VisualStudioVersion = 16.0.31112.23
MinimumVisualStudioVersion = 10.0.40219.1
Project("{9A19103F-16F7-4668-BE54-9A1E7A4F7556}") = "Wirtualnik.Server", "Wirtualnik.Server\Wirtualnik.Server.csproj", "{60AEEB9D-4D8E-485B-A004-B287E6207EE1}"
EndProject
Project("{9A19103F-16F7-4668-BE54-9A1E7A4F7556}") = "Wirtualnik.XF", "Wirtualnik.XF\Wirtualnik.XF.csproj", "{1D78E57D-3A50-423C-BE95-BF36B818092E}"
EndProject
Project("{FAE04EC0-301F-11D3-BF4B-00C04F79EFBC}") = "Wirtualnik.XF.Android", "Wirtualnik.XF.Android\Wirtualnik.XF.Android.csproj", "{5D6020E0-0C13-4E0A-B0EC-096795BB3BD6}"
EndProject
Project("{FAE04EC0-301F-11D3-BF4B-00C04F79EFBC}") = "Wirtualnik.XF.iOS", "Wirtualnik.XF.iOS\Wirtualnik.XF.iOS.csproj", "{6645BDDE-A91E-4277-99DA-6265E471BD11}"
EndProject
Project("{9A19103F-16F7-4668-BE54-9A1E7A4F7556}") = "Wirtualnik.Data", "Wirtualnik.Data\Wirtualnik.Data.csproj", "{56B5EFFA-DC54-4A77-B92A-D7E14E1D98F4}"
EndProject
Project("{2150E333-8FDC-42A3-9474-1A3956D46DE8}") = "Solution Items", "Solution Items", "{8DE3774C-C657-45C0-8E6A-90FB48E0CEE5}"
	ProjectSection(SolutionItems) = preProject
		.editorconfig = .editorconfig
		Settings.XamlStyler = Settings.XamlStyler
	EndProjectSection
EndProject
Project("{2150E333-8FDC-42A3-9474-1A3956D46DE8}") = "Backend", "Backend", "{BFB83316-472D-452E-A5DD-7B5C47CE435B}"
EndProject
Project("{2150E333-8FDC-42A3-9474-1A3956D46DE8}") = "Mobile", "Mobile", "{927BA1D5-EFE2-40E8-9838-B1C20FB86F6C}"
EndProject
Project("{9A19103F-16F7-4668-BE54-9A1E7A4F7556}") = "Wirtualnik.Shared", "Wirtualnik.Shared\Wirtualnik.Shared.csproj", "{4BE16262-0E18-44A7-9B50-503CCA9A3AA4}"
EndProject
Project("{9A19103F-16F7-4668-BE54-9A1E7A4F7556}") = "Wirtualnik.Service", "Wirtualnik.Service\Wirtualnik.Service.csproj", "{E239185C-A2DC-4564-98A6-979F8CCC4645}"
EndProject
Project("{2150E333-8FDC-42A3-9474-1A3956D46DE8}") = "Utils", "Utils", "{D4F081D7-D690-418B-AB95-35809CC30C6C}"
EndProject
Project("{9A19103F-16F7-4668-BE54-9A1E7A4F7556}") = "ApiClientGenerator", "ApiClientGenerator\ApiClientGenerator.csproj", "{CD5270F3-4435-4830-978B-61114A9ED48D}"
EndProject
Project("{9A19103F-16F7-4668-BE54-9A1E7A4F7556}") = "Wirtualnik.Admin", "Wirtualnik.Admin\Wirtualnik.Admin.csproj", "{A71B51F4-D774-4B45-968C-60F1C26A096D}"
EndProject
Project("{2150E333-8FDC-42A3-9474-1A3956D46DE8}") = "Admin", "Admin", "{D1613FAF-9D55-4AA2-81E6-77C97E59128C}"
EndProject
Project("{D954291E-2A0B-460D-934E-DC6B0785DB48}") = "Wirtualnik.Uno.Admin.Shared", "Wirtualnik.Uno.Admin\Wirtualnik.Uno.Admin.Shared\Wirtualnik.Uno.Admin.Shared.shproj", "{6279C845-92F8-4333-AB99-3D213163593C}"
EndProject
Project("{2150E333-8FDC-42A3-9474-1A3956D46DE8}") = "Platforms", "Platforms", "{8DC242B9-78BD-4287-A314-9A0BE38ACADD}"
EndProject
Project("{FAE04EC0-301F-11D3-BF4B-00C04F79EFBC}") = "Wirtualnik.Uno.Admin.Droid", "Wirtualnik.Uno.Admin\Wirtualnik.Uno.Admin.Droid\Wirtualnik.Uno.Admin.Droid.csproj", "{87D21DDC-5557-46FD-9CED-AD4EE830FA75}"
EndProject
Project("{FAE04EC0-301F-11D3-BF4B-00C04F79EFBC}") = "Wirtualnik.Uno.Admin.iOS", "Wirtualnik.Uno.Admin\Wirtualnik.Uno.Admin.iOS\Wirtualnik.Uno.Admin.iOS.csproj", "{90F3E94D-1A60-44DB-83C2-FADF477B920D}"
EndProject
Project("{FAE04EC0-301F-11D3-BF4B-00C04F79EFBC}") = "Wirtualnik.Uno.Admin.UWP", "Wirtualnik.Uno.Admin\Wirtualnik.Uno.Admin.UWP\Wirtualnik.Uno.Admin.UWP.csproj", "{AAC0F653-5D04-48CB-8903-ACF4E94AEB1B}"
EndProject
Project("{FAE04EC0-301F-11D3-BF4B-00C04F79EFBC}") = "Wirtualnik.Uno.Admin.Wasm", "Wirtualnik.Uno.Admin\Wirtualnik.Uno.Admin.Wasm\Wirtualnik.Uno.Admin.Wasm.csproj", "{95AE6077-D8D4-4FA1-A343-3FC791878133}"
EndProject
Project("{FAE04EC0-301F-11D3-BF4B-00C04F79EFBC}") = "Wirtualnik.Uno.Admin.macOS", "Wirtualnik.Uno.Admin\Wirtualnik.Uno.Admin.macOS\Wirtualnik.Uno.Admin.macOS.csproj", "{926E14B9-4F0D-42E7-93EA-676D8CDA3E78}"
EndProject
Project("{FAE04EC0-301F-11D3-BF4B-00C04F79EFBC}") = "Wirtualnik.Uno.Admin.Skia.Wpf.Host", "Wirtualnik.Uno.Admin\Wirtualnik.Uno.Admin.Skia.Wpf.Host\Wirtualnik.Uno.Admin.Skia.Wpf.Host.csproj", "{1E85EB83-5BA2-44E9-8001-56D347AD44B0}"
EndProject
Project("{FAE04EC0-301F-11D3-BF4B-00C04F79EFBC}") = "Wirtualnik.Uno.Admin.Skia.Wpf", "Wirtualnik.Uno.Admin\Wirtualnik.Uno.Admin.Skia.Wpf\Wirtualnik.Uno.Admin.Skia.Wpf.csproj", "{71094B5E-52B1-4842-B15C-722913CC3CA9}"
EndProject
Project("{FAE04EC0-301F-11D3-BF4B-00C04F79EFBC}") = "Wirtualnik.Uno.Admin.Skia.Gtk", "Wirtualnik.Uno.Admin\Wirtualnik.Uno.Admin.Skia.Gtk\Wirtualnik.Uno.Admin.Skia.Gtk.csproj", "{E43F9E4F-5A25-40BA-8667-2DBA4C2D89DE}"
EndProject
Project("{FAE04EC0-301F-11D3-BF4B-00C04F79EFBC}") = "Wirtualnik.Uno.Admin.Skia.Tizen", "Wirtualnik.Uno.Admin\Wirtualnik.Uno.Admin.Skia.Tizen\Wirtualnik.Uno.Admin.Skia.Tizen.csproj", "{E5A147C7-EB7C-4048-A99E-145808781DAB}"
EndProject
Global
	GlobalSection(SharedMSBuildProjectFiles) = preSolution
		Wirtualnik.Uno.Admin\Wirtualnik.Uno.Admin.Shared\Wirtualnik.Uno.Admin.Shared.projitems*{6279c845-92f8-4333-ab99-3d213163593c}*SharedItemsImports = 13
		Wirtualnik.Uno.Admin\Wirtualnik.Uno.Admin.Shared\Wirtualnik.Uno.Admin.Shared.projitems*{71094b5e-52b1-4842-b15c-722913cc3ca9}*SharedItemsImports = 5
		Wirtualnik.Uno.Admin\Wirtualnik.Uno.Admin.Shared\Wirtualnik.Uno.Admin.Shared.projitems*{87d21ddc-5557-46fd-9ced-ad4ee830fa75}*SharedItemsImports = 4
		Wirtualnik.Uno.Admin\Wirtualnik.Uno.Admin.Shared\Wirtualnik.Uno.Admin.Shared.projitems*{90f3e94d-1a60-44db-83c2-fadf477b920d}*SharedItemsImports = 4
		Wirtualnik.Uno.Admin\Wirtualnik.Uno.Admin.Shared\Wirtualnik.Uno.Admin.Shared.projitems*{926e14b9-4f0d-42e7-93ea-676d8cda3e78}*SharedItemsImports = 4
		Wirtualnik.Uno.Admin\Wirtualnik.Uno.Admin.Shared\Wirtualnik.Uno.Admin.Shared.projitems*{95ae6077-d8d4-4fa1-a343-3fc791878133}*SharedItemsImports = 5
		Wirtualnik.Uno.Admin\Wirtualnik.Uno.Admin.Shared\Wirtualnik.Uno.Admin.Shared.projitems*{aac0f653-5d04-48cb-8903-acf4e94aeb1b}*SharedItemsImports = 4
		Wirtualnik.Uno.Admin\Wirtualnik.Uno.Admin.Shared\Wirtualnik.Uno.Admin.Shared.projitems*{e43f9e4f-5a25-40ba-8667-2dba4c2d89de}*SharedItemsImports = 5
		Wirtualnik.Uno.Admin\Wirtualnik.Uno.Admin.Shared\Wirtualnik.Uno.Admin.Shared.projitems*{e5a147c7-eb7c-4048-a99e-145808781dab}*SharedItemsImports = 5
	EndGlobalSection
	GlobalSection(SolutionConfigurationPlatforms) = preSolution
		Ad-Hoc|Any CPU = Ad-Hoc|Any CPU
		Ad-Hoc|ARM = Ad-Hoc|ARM
		Ad-Hoc|ARM64 = Ad-Hoc|ARM64
		Ad-Hoc|iPhone = Ad-Hoc|iPhone
		Ad-Hoc|iPhoneSimulator = Ad-Hoc|iPhoneSimulator
		Ad-Hoc|x64 = Ad-Hoc|x64
		Ad-Hoc|x86 = Ad-Hoc|x86
		AppStore|Any CPU = AppStore|Any CPU
		AppStore|ARM = AppStore|ARM
		AppStore|ARM64 = AppStore|ARM64
		AppStore|iPhone = AppStore|iPhone
		AppStore|iPhoneSimulator = AppStore|iPhoneSimulator
		AppStore|x64 = AppStore|x64
		AppStore|x86 = AppStore|x86
		Debug|Any CPU = Debug|Any CPU
		Debug|ARM = Debug|ARM
		Debug|ARM64 = Debug|ARM64
		Debug|iPhone = Debug|iPhone
		Debug|iPhoneSimulator = Debug|iPhoneSimulator
		Debug|x64 = Debug|x64
		Debug|x86 = Debug|x86
		Release|Any CPU = Release|Any CPU
		Release|ARM = Release|ARM
		Release|ARM64 = Release|ARM64
		Release|iPhone = Release|iPhone
		Release|iPhoneSimulator = Release|iPhoneSimulator
		Release|x64 = Release|x64
		Release|x86 = Release|x86
	EndGlobalSection
	GlobalSection(ProjectConfigurationPlatforms) = postSolution
		{60AEEB9D-4D8E-485B-A004-B287E6207EE1}.Ad-Hoc|Any CPU.ActiveCfg = Release|Any CPU
		{60AEEB9D-4D8E-485B-A004-B287E6207EE1}.Ad-Hoc|Any CPU.Build.0 = Release|Any CPU
		{60AEEB9D-4D8E-485B-A004-B287E6207EE1}.Ad-Hoc|ARM.ActiveCfg = Debug|Any CPU
		{60AEEB9D-4D8E-485B-A004-B287E6207EE1}.Ad-Hoc|ARM.Build.0 = Debug|Any CPU
		{60AEEB9D-4D8E-485B-A004-B287E6207EE1}.Ad-Hoc|ARM64.ActiveCfg = Debug|Any CPU
		{60AEEB9D-4D8E-485B-A004-B287E6207EE1}.Ad-Hoc|ARM64.Build.0 = Debug|Any CPU
		{60AEEB9D-4D8E-485B-A004-B287E6207EE1}.Ad-Hoc|iPhone.ActiveCfg = Release|Any CPU
		{60AEEB9D-4D8E-485B-A004-B287E6207EE1}.Ad-Hoc|iPhone.Build.0 = Release|Any CPU
		{60AEEB9D-4D8E-485B-A004-B287E6207EE1}.Ad-Hoc|iPhoneSimulator.ActiveCfg = Release|Any CPU
		{60AEEB9D-4D8E-485B-A004-B287E6207EE1}.Ad-Hoc|iPhoneSimulator.Build.0 = Release|Any CPU
		{60AEEB9D-4D8E-485B-A004-B287E6207EE1}.Ad-Hoc|x64.ActiveCfg = Debug|Any CPU
		{60AEEB9D-4D8E-485B-A004-B287E6207EE1}.Ad-Hoc|x64.Build.0 = Debug|Any CPU
		{60AEEB9D-4D8E-485B-A004-B287E6207EE1}.Ad-Hoc|x86.ActiveCfg = Debug|Any CPU
		{60AEEB9D-4D8E-485B-A004-B287E6207EE1}.Ad-Hoc|x86.Build.0 = Debug|Any CPU
		{60AEEB9D-4D8E-485B-A004-B287E6207EE1}.AppStore|Any CPU.ActiveCfg = Release|Any CPU
		{60AEEB9D-4D8E-485B-A004-B287E6207EE1}.AppStore|Any CPU.Build.0 = Release|Any CPU
		{60AEEB9D-4D8E-485B-A004-B287E6207EE1}.AppStore|ARM.ActiveCfg = Debug|Any CPU
		{60AEEB9D-4D8E-485B-A004-B287E6207EE1}.AppStore|ARM.Build.0 = Debug|Any CPU
		{60AEEB9D-4D8E-485B-A004-B287E6207EE1}.AppStore|ARM64.ActiveCfg = Debug|Any CPU
		{60AEEB9D-4D8E-485B-A004-B287E6207EE1}.AppStore|ARM64.Build.0 = Debug|Any CPU
		{60AEEB9D-4D8E-485B-A004-B287E6207EE1}.AppStore|iPhone.ActiveCfg = Release|Any CPU
		{60AEEB9D-4D8E-485B-A004-B287E6207EE1}.AppStore|iPhone.Build.0 = Release|Any CPU
		{60AEEB9D-4D8E-485B-A004-B287E6207EE1}.AppStore|iPhoneSimulator.ActiveCfg = Release|Any CPU
		{60AEEB9D-4D8E-485B-A004-B287E6207EE1}.AppStore|iPhoneSimulator.Build.0 = Release|Any CPU
		{60AEEB9D-4D8E-485B-A004-B287E6207EE1}.AppStore|x64.ActiveCfg = Debug|Any CPU
		{60AEEB9D-4D8E-485B-A004-B287E6207EE1}.AppStore|x64.Build.0 = Debug|Any CPU
		{60AEEB9D-4D8E-485B-A004-B287E6207EE1}.AppStore|x86.ActiveCfg = Debug|Any CPU
		{60AEEB9D-4D8E-485B-A004-B287E6207EE1}.AppStore|x86.Build.0 = Debug|Any CPU
		{60AEEB9D-4D8E-485B-A004-B287E6207EE1}.Debug|Any CPU.ActiveCfg = Debug|Any CPU
		{60AEEB9D-4D8E-485B-A004-B287E6207EE1}.Debug|Any CPU.Build.0 = Debug|Any CPU
		{60AEEB9D-4D8E-485B-A004-B287E6207EE1}.Debug|ARM.ActiveCfg = Debug|Any CPU
		{60AEEB9D-4D8E-485B-A004-B287E6207EE1}.Debug|ARM.Build.0 = Debug|Any CPU
		{60AEEB9D-4D8E-485B-A004-B287E6207EE1}.Debug|ARM64.ActiveCfg = Debug|Any CPU
		{60AEEB9D-4D8E-485B-A004-B287E6207EE1}.Debug|ARM64.Build.0 = Debug|Any CPU
		{60AEEB9D-4D8E-485B-A004-B287E6207EE1}.Debug|iPhone.ActiveCfg = Debug|Any CPU
		{60AEEB9D-4D8E-485B-A004-B287E6207EE1}.Debug|iPhone.Build.0 = Debug|Any CPU
		{60AEEB9D-4D8E-485B-A004-B287E6207EE1}.Debug|iPhoneSimulator.ActiveCfg = Debug|Any CPU
		{60AEEB9D-4D8E-485B-A004-B287E6207EE1}.Debug|iPhoneSimulator.Build.0 = Debug|Any CPU
		{60AEEB9D-4D8E-485B-A004-B287E6207EE1}.Debug|x64.ActiveCfg = Debug|Any CPU
		{60AEEB9D-4D8E-485B-A004-B287E6207EE1}.Debug|x64.Build.0 = Debug|Any CPU
		{60AEEB9D-4D8E-485B-A004-B287E6207EE1}.Debug|x86.ActiveCfg = Debug|Any CPU
		{60AEEB9D-4D8E-485B-A004-B287E6207EE1}.Debug|x86.Build.0 = Debug|Any CPU
		{60AEEB9D-4D8E-485B-A004-B287E6207EE1}.Release|Any CPU.ActiveCfg = Release|Any CPU
		{60AEEB9D-4D8E-485B-A004-B287E6207EE1}.Release|Any CPU.Build.0 = Release|Any CPU
		{60AEEB9D-4D8E-485B-A004-B287E6207EE1}.Release|ARM.ActiveCfg = Release|Any CPU
		{60AEEB9D-4D8E-485B-A004-B287E6207EE1}.Release|ARM.Build.0 = Release|Any CPU
		{60AEEB9D-4D8E-485B-A004-B287E6207EE1}.Release|ARM64.ActiveCfg = Release|Any CPU
		{60AEEB9D-4D8E-485B-A004-B287E6207EE1}.Release|ARM64.Build.0 = Release|Any CPU
		{60AEEB9D-4D8E-485B-A004-B287E6207EE1}.Release|iPhone.ActiveCfg = Release|Any CPU
		{60AEEB9D-4D8E-485B-A004-B287E6207EE1}.Release|iPhone.Build.0 = Release|Any CPU
		{60AEEB9D-4D8E-485B-A004-B287E6207EE1}.Release|iPhoneSimulator.ActiveCfg = Release|Any CPU
		{60AEEB9D-4D8E-485B-A004-B287E6207EE1}.Release|iPhoneSimulator.Build.0 = Release|Any CPU
		{60AEEB9D-4D8E-485B-A004-B287E6207EE1}.Release|x64.ActiveCfg = Release|Any CPU
		{60AEEB9D-4D8E-485B-A004-B287E6207EE1}.Release|x64.Build.0 = Release|Any CPU
		{60AEEB9D-4D8E-485B-A004-B287E6207EE1}.Release|x86.ActiveCfg = Release|Any CPU
		{60AEEB9D-4D8E-485B-A004-B287E6207EE1}.Release|x86.Build.0 = Release|Any CPU
		{1D78E57D-3A50-423C-BE95-BF36B818092E}.Ad-Hoc|Any CPU.ActiveCfg = Debug|Any CPU
		{1D78E57D-3A50-423C-BE95-BF36B818092E}.Ad-Hoc|Any CPU.Build.0 = Debug|Any CPU
		{1D78E57D-3A50-423C-BE95-BF36B818092E}.Ad-Hoc|ARM.ActiveCfg = Release|Any CPU
		{1D78E57D-3A50-423C-BE95-BF36B818092E}.Ad-Hoc|ARM.Build.0 = Release|Any CPU
		{1D78E57D-3A50-423C-BE95-BF36B818092E}.Ad-Hoc|ARM64.ActiveCfg = Release|Any CPU
		{1D78E57D-3A50-423C-BE95-BF36B818092E}.Ad-Hoc|ARM64.Build.0 = Release|Any CPU
		{1D78E57D-3A50-423C-BE95-BF36B818092E}.Ad-Hoc|iPhone.ActiveCfg = Debug|Any CPU
		{1D78E57D-3A50-423C-BE95-BF36B818092E}.Ad-Hoc|iPhone.Build.0 = Debug|Any CPU
		{1D78E57D-3A50-423C-BE95-BF36B818092E}.Ad-Hoc|iPhoneSimulator.ActiveCfg = Debug|Any CPU
		{1D78E57D-3A50-423C-BE95-BF36B818092E}.Ad-Hoc|iPhoneSimulator.Build.0 = Debug|Any CPU
		{1D78E57D-3A50-423C-BE95-BF36B818092E}.Ad-Hoc|x64.ActiveCfg = Release|Any CPU
		{1D78E57D-3A50-423C-BE95-BF36B818092E}.Ad-Hoc|x64.Build.0 = Release|Any CPU
		{1D78E57D-3A50-423C-BE95-BF36B818092E}.Ad-Hoc|x86.ActiveCfg = Release|Any CPU
		{1D78E57D-3A50-423C-BE95-BF36B818092E}.Ad-Hoc|x86.Build.0 = Release|Any CPU
		{1D78E57D-3A50-423C-BE95-BF36B818092E}.AppStore|Any CPU.ActiveCfg = Debug|Any CPU
		{1D78E57D-3A50-423C-BE95-BF36B818092E}.AppStore|Any CPU.Build.0 = Debug|Any CPU
		{1D78E57D-3A50-423C-BE95-BF36B818092E}.AppStore|ARM.ActiveCfg = Release|Any CPU
		{1D78E57D-3A50-423C-BE95-BF36B818092E}.AppStore|ARM.Build.0 = Release|Any CPU
		{1D78E57D-3A50-423C-BE95-BF36B818092E}.AppStore|ARM64.ActiveCfg = Release|Any CPU
		{1D78E57D-3A50-423C-BE95-BF36B818092E}.AppStore|ARM64.Build.0 = Release|Any CPU
		{1D78E57D-3A50-423C-BE95-BF36B818092E}.AppStore|iPhone.ActiveCfg = Debug|Any CPU
		{1D78E57D-3A50-423C-BE95-BF36B818092E}.AppStore|iPhone.Build.0 = Debug|Any CPU
		{1D78E57D-3A50-423C-BE95-BF36B818092E}.AppStore|iPhoneSimulator.ActiveCfg = Debug|Any CPU
		{1D78E57D-3A50-423C-BE95-BF36B818092E}.AppStore|iPhoneSimulator.Build.0 = Debug|Any CPU
		{1D78E57D-3A50-423C-BE95-BF36B818092E}.AppStore|x64.ActiveCfg = Release|Any CPU
		{1D78E57D-3A50-423C-BE95-BF36B818092E}.AppStore|x64.Build.0 = Release|Any CPU
		{1D78E57D-3A50-423C-BE95-BF36B818092E}.AppStore|x86.ActiveCfg = Release|Any CPU
		{1D78E57D-3A50-423C-BE95-BF36B818092E}.AppStore|x86.Build.0 = Release|Any CPU
		{1D78E57D-3A50-423C-BE95-BF36B818092E}.Debug|Any CPU.ActiveCfg = Debug|Any CPU
		{1D78E57D-3A50-423C-BE95-BF36B818092E}.Debug|Any CPU.Build.0 = Debug|Any CPU
		{1D78E57D-3A50-423C-BE95-BF36B818092E}.Debug|ARM.ActiveCfg = Debug|Any CPU
		{1D78E57D-3A50-423C-BE95-BF36B818092E}.Debug|ARM.Build.0 = Debug|Any CPU
		{1D78E57D-3A50-423C-BE95-BF36B818092E}.Debug|ARM64.ActiveCfg = Debug|Any CPU
		{1D78E57D-3A50-423C-BE95-BF36B818092E}.Debug|ARM64.Build.0 = Debug|Any CPU
		{1D78E57D-3A50-423C-BE95-BF36B818092E}.Debug|iPhone.ActiveCfg = Debug|Any CPU
		{1D78E57D-3A50-423C-BE95-BF36B818092E}.Debug|iPhone.Build.0 = Debug|Any CPU
		{1D78E57D-3A50-423C-BE95-BF36B818092E}.Debug|iPhoneSimulator.ActiveCfg = Debug|Any CPU
		{1D78E57D-3A50-423C-BE95-BF36B818092E}.Debug|iPhoneSimulator.Build.0 = Debug|Any CPU
		{1D78E57D-3A50-423C-BE95-BF36B818092E}.Debug|x64.ActiveCfg = Debug|Any CPU
		{1D78E57D-3A50-423C-BE95-BF36B818092E}.Debug|x64.Build.0 = Debug|Any CPU
		{1D78E57D-3A50-423C-BE95-BF36B818092E}.Debug|x86.ActiveCfg = Debug|Any CPU
		{1D78E57D-3A50-423C-BE95-BF36B818092E}.Debug|x86.Build.0 = Debug|Any CPU
		{1D78E57D-3A50-423C-BE95-BF36B818092E}.Release|Any CPU.ActiveCfg = Release|Any CPU
		{1D78E57D-3A50-423C-BE95-BF36B818092E}.Release|Any CPU.Build.0 = Release|Any CPU
		{1D78E57D-3A50-423C-BE95-BF36B818092E}.Release|ARM.ActiveCfg = Release|Any CPU
		{1D78E57D-3A50-423C-BE95-BF36B818092E}.Release|ARM.Build.0 = Release|Any CPU
		{1D78E57D-3A50-423C-BE95-BF36B818092E}.Release|ARM64.ActiveCfg = Release|Any CPU
		{1D78E57D-3A50-423C-BE95-BF36B818092E}.Release|ARM64.Build.0 = Release|Any CPU
		{1D78E57D-3A50-423C-BE95-BF36B818092E}.Release|iPhone.ActiveCfg = Release|Any CPU
		{1D78E57D-3A50-423C-BE95-BF36B818092E}.Release|iPhone.Build.0 = Release|Any CPU
		{1D78E57D-3A50-423C-BE95-BF36B818092E}.Release|iPhoneSimulator.ActiveCfg = Release|Any CPU
		{1D78E57D-3A50-423C-BE95-BF36B818092E}.Release|iPhoneSimulator.Build.0 = Release|Any CPU
		{1D78E57D-3A50-423C-BE95-BF36B818092E}.Release|x64.ActiveCfg = Release|Any CPU
		{1D78E57D-3A50-423C-BE95-BF36B818092E}.Release|x64.Build.0 = Release|Any CPU
		{1D78E57D-3A50-423C-BE95-BF36B818092E}.Release|x86.ActiveCfg = Release|Any CPU
		{1D78E57D-3A50-423C-BE95-BF36B818092E}.Release|x86.Build.0 = Release|Any CPU
		{5D6020E0-0C13-4E0A-B0EC-096795BB3BD6}.Ad-Hoc|Any CPU.ActiveCfg = Debug|Any CPU
		{5D6020E0-0C13-4E0A-B0EC-096795BB3BD6}.Ad-Hoc|Any CPU.Build.0 = Debug|Any CPU
		{5D6020E0-0C13-4E0A-B0EC-096795BB3BD6}.Ad-Hoc|Any CPU.Deploy.0 = Debug|Any CPU
		{5D6020E0-0C13-4E0A-B0EC-096795BB3BD6}.Ad-Hoc|ARM.ActiveCfg = Release|Any CPU
		{5D6020E0-0C13-4E0A-B0EC-096795BB3BD6}.Ad-Hoc|ARM.Build.0 = Release|Any CPU
		{5D6020E0-0C13-4E0A-B0EC-096795BB3BD6}.Ad-Hoc|ARM.Deploy.0 = Release|Any CPU
		{5D6020E0-0C13-4E0A-B0EC-096795BB3BD6}.Ad-Hoc|ARM64.ActiveCfg = Release|Any CPU
		{5D6020E0-0C13-4E0A-B0EC-096795BB3BD6}.Ad-Hoc|ARM64.Build.0 = Release|Any CPU
		{5D6020E0-0C13-4E0A-B0EC-096795BB3BD6}.Ad-Hoc|ARM64.Deploy.0 = Release|Any CPU
		{5D6020E0-0C13-4E0A-B0EC-096795BB3BD6}.Ad-Hoc|iPhone.ActiveCfg = Debug|Any CPU
		{5D6020E0-0C13-4E0A-B0EC-096795BB3BD6}.Ad-Hoc|iPhone.Build.0 = Debug|Any CPU
		{5D6020E0-0C13-4E0A-B0EC-096795BB3BD6}.Ad-Hoc|iPhone.Deploy.0 = Debug|Any CPU
		{5D6020E0-0C13-4E0A-B0EC-096795BB3BD6}.Ad-Hoc|iPhoneSimulator.ActiveCfg = Debug|Any CPU
		{5D6020E0-0C13-4E0A-B0EC-096795BB3BD6}.Ad-Hoc|iPhoneSimulator.Build.0 = Debug|Any CPU
		{5D6020E0-0C13-4E0A-B0EC-096795BB3BD6}.Ad-Hoc|iPhoneSimulator.Deploy.0 = Debug|Any CPU
		{5D6020E0-0C13-4E0A-B0EC-096795BB3BD6}.Ad-Hoc|x64.ActiveCfg = Release|Any CPU
		{5D6020E0-0C13-4E0A-B0EC-096795BB3BD6}.Ad-Hoc|x64.Build.0 = Release|Any CPU
		{5D6020E0-0C13-4E0A-B0EC-096795BB3BD6}.Ad-Hoc|x64.Deploy.0 = Release|Any CPU
		{5D6020E0-0C13-4E0A-B0EC-096795BB3BD6}.Ad-Hoc|x86.ActiveCfg = Release|Any CPU
		{5D6020E0-0C13-4E0A-B0EC-096795BB3BD6}.Ad-Hoc|x86.Build.0 = Release|Any CPU
		{5D6020E0-0C13-4E0A-B0EC-096795BB3BD6}.Ad-Hoc|x86.Deploy.0 = Release|Any CPU
		{5D6020E0-0C13-4E0A-B0EC-096795BB3BD6}.AppStore|Any CPU.ActiveCfg = Debug|Any CPU
		{5D6020E0-0C13-4E0A-B0EC-096795BB3BD6}.AppStore|Any CPU.Build.0 = Debug|Any CPU
		{5D6020E0-0C13-4E0A-B0EC-096795BB3BD6}.AppStore|Any CPU.Deploy.0 = Debug|Any CPU
		{5D6020E0-0C13-4E0A-B0EC-096795BB3BD6}.AppStore|ARM.ActiveCfg = Release|Any CPU
		{5D6020E0-0C13-4E0A-B0EC-096795BB3BD6}.AppStore|ARM.Build.0 = Release|Any CPU
		{5D6020E0-0C13-4E0A-B0EC-096795BB3BD6}.AppStore|ARM.Deploy.0 = Release|Any CPU
		{5D6020E0-0C13-4E0A-B0EC-096795BB3BD6}.AppStore|ARM64.ActiveCfg = Release|Any CPU
		{5D6020E0-0C13-4E0A-B0EC-096795BB3BD6}.AppStore|ARM64.Build.0 = Release|Any CPU
		{5D6020E0-0C13-4E0A-B0EC-096795BB3BD6}.AppStore|ARM64.Deploy.0 = Release|Any CPU
		{5D6020E0-0C13-4E0A-B0EC-096795BB3BD6}.AppStore|iPhone.ActiveCfg = Debug|Any CPU
		{5D6020E0-0C13-4E0A-B0EC-096795BB3BD6}.AppStore|iPhone.Build.0 = Debug|Any CPU
		{5D6020E0-0C13-4E0A-B0EC-096795BB3BD6}.AppStore|iPhone.Deploy.0 = Debug|Any CPU
		{5D6020E0-0C13-4E0A-B0EC-096795BB3BD6}.AppStore|iPhoneSimulator.ActiveCfg = Debug|Any CPU
		{5D6020E0-0C13-4E0A-B0EC-096795BB3BD6}.AppStore|iPhoneSimulator.Build.0 = Debug|Any CPU
		{5D6020E0-0C13-4E0A-B0EC-096795BB3BD6}.AppStore|iPhoneSimulator.Deploy.0 = Debug|Any CPU
		{5D6020E0-0C13-4E0A-B0EC-096795BB3BD6}.AppStore|x64.ActiveCfg = Release|Any CPU
		{5D6020E0-0C13-4E0A-B0EC-096795BB3BD6}.AppStore|x64.Build.0 = Release|Any CPU
		{5D6020E0-0C13-4E0A-B0EC-096795BB3BD6}.AppStore|x64.Deploy.0 = Release|Any CPU
		{5D6020E0-0C13-4E0A-B0EC-096795BB3BD6}.AppStore|x86.ActiveCfg = Release|Any CPU
		{5D6020E0-0C13-4E0A-B0EC-096795BB3BD6}.AppStore|x86.Build.0 = Release|Any CPU
		{5D6020E0-0C13-4E0A-B0EC-096795BB3BD6}.AppStore|x86.Deploy.0 = Release|Any CPU
		{5D6020E0-0C13-4E0A-B0EC-096795BB3BD6}.Debug|Any CPU.ActiveCfg = Debug|Any CPU
		{5D6020E0-0C13-4E0A-B0EC-096795BB3BD6}.Debug|Any CPU.Build.0 = Debug|Any CPU
		{5D6020E0-0C13-4E0A-B0EC-096795BB3BD6}.Debug|Any CPU.Deploy.0 = Debug|Any CPU
		{5D6020E0-0C13-4E0A-B0EC-096795BB3BD6}.Debug|ARM.ActiveCfg = Debug|Any CPU
		{5D6020E0-0C13-4E0A-B0EC-096795BB3BD6}.Debug|ARM.Build.0 = Debug|Any CPU
		{5D6020E0-0C13-4E0A-B0EC-096795BB3BD6}.Debug|ARM.Deploy.0 = Debug|Any CPU
		{5D6020E0-0C13-4E0A-B0EC-096795BB3BD6}.Debug|ARM64.ActiveCfg = Debug|Any CPU
		{5D6020E0-0C13-4E0A-B0EC-096795BB3BD6}.Debug|ARM64.Build.0 = Debug|Any CPU
		{5D6020E0-0C13-4E0A-B0EC-096795BB3BD6}.Debug|ARM64.Deploy.0 = Debug|Any CPU
		{5D6020E0-0C13-4E0A-B0EC-096795BB3BD6}.Debug|iPhone.ActiveCfg = Debug|Any CPU
		{5D6020E0-0C13-4E0A-B0EC-096795BB3BD6}.Debug|iPhone.Build.0 = Debug|Any CPU
		{5D6020E0-0C13-4E0A-B0EC-096795BB3BD6}.Debug|iPhone.Deploy.0 = Debug|Any CPU
		{5D6020E0-0C13-4E0A-B0EC-096795BB3BD6}.Debug|iPhoneSimulator.ActiveCfg = Debug|Any CPU
		{5D6020E0-0C13-4E0A-B0EC-096795BB3BD6}.Debug|iPhoneSimulator.Build.0 = Debug|Any CPU
		{5D6020E0-0C13-4E0A-B0EC-096795BB3BD6}.Debug|iPhoneSimulator.Deploy.0 = Debug|Any CPU
		{5D6020E0-0C13-4E0A-B0EC-096795BB3BD6}.Debug|x64.ActiveCfg = Debug|Any CPU
		{5D6020E0-0C13-4E0A-B0EC-096795BB3BD6}.Debug|x64.Build.0 = Debug|Any CPU
		{5D6020E0-0C13-4E0A-B0EC-096795BB3BD6}.Debug|x64.Deploy.0 = Debug|Any CPU
		{5D6020E0-0C13-4E0A-B0EC-096795BB3BD6}.Debug|x86.ActiveCfg = Debug|Any CPU
		{5D6020E0-0C13-4E0A-B0EC-096795BB3BD6}.Debug|x86.Build.0 = Debug|Any CPU
		{5D6020E0-0C13-4E0A-B0EC-096795BB3BD6}.Debug|x86.Deploy.0 = Debug|Any CPU
		{5D6020E0-0C13-4E0A-B0EC-096795BB3BD6}.Release|Any CPU.ActiveCfg = Release|Any CPU
		{5D6020E0-0C13-4E0A-B0EC-096795BB3BD6}.Release|Any CPU.Build.0 = Release|Any CPU
		{5D6020E0-0C13-4E0A-B0EC-096795BB3BD6}.Release|Any CPU.Deploy.0 = Release|Any CPU
		{5D6020E0-0C13-4E0A-B0EC-096795BB3BD6}.Release|ARM.ActiveCfg = Release|Any CPU
		{5D6020E0-0C13-4E0A-B0EC-096795BB3BD6}.Release|ARM.Build.0 = Release|Any CPU
		{5D6020E0-0C13-4E0A-B0EC-096795BB3BD6}.Release|ARM.Deploy.0 = Release|Any CPU
		{5D6020E0-0C13-4E0A-B0EC-096795BB3BD6}.Release|ARM64.ActiveCfg = Release|Any CPU
		{5D6020E0-0C13-4E0A-B0EC-096795BB3BD6}.Release|ARM64.Build.0 = Release|Any CPU
		{5D6020E0-0C13-4E0A-B0EC-096795BB3BD6}.Release|ARM64.Deploy.0 = Release|Any CPU
		{5D6020E0-0C13-4E0A-B0EC-096795BB3BD6}.Release|iPhone.ActiveCfg = Release|Any CPU
		{5D6020E0-0C13-4E0A-B0EC-096795BB3BD6}.Release|iPhone.Build.0 = Release|Any CPU
		{5D6020E0-0C13-4E0A-B0EC-096795BB3BD6}.Release|iPhone.Deploy.0 = Release|Any CPU
		{5D6020E0-0C13-4E0A-B0EC-096795BB3BD6}.Release|iPhoneSimulator.ActiveCfg = Release|Any CPU
		{5D6020E0-0C13-4E0A-B0EC-096795BB3BD6}.Release|iPhoneSimulator.Build.0 = Release|Any CPU
		{5D6020E0-0C13-4E0A-B0EC-096795BB3BD6}.Release|iPhoneSimulator.Deploy.0 = Release|Any CPU
		{5D6020E0-0C13-4E0A-B0EC-096795BB3BD6}.Release|x64.ActiveCfg = Release|Any CPU
		{5D6020E0-0C13-4E0A-B0EC-096795BB3BD6}.Release|x64.Build.0 = Release|Any CPU
		{5D6020E0-0C13-4E0A-B0EC-096795BB3BD6}.Release|x64.Deploy.0 = Release|Any CPU
		{5D6020E0-0C13-4E0A-B0EC-096795BB3BD6}.Release|x86.ActiveCfg = Release|Any CPU
		{5D6020E0-0C13-4E0A-B0EC-096795BB3BD6}.Release|x86.Build.0 = Release|Any CPU
		{5D6020E0-0C13-4E0A-B0EC-096795BB3BD6}.Release|x86.Deploy.0 = Release|Any CPU
		{6645BDDE-A91E-4277-99DA-6265E471BD11}.Ad-Hoc|Any CPU.ActiveCfg = Ad-Hoc|iPhoneSimulator
		{6645BDDE-A91E-4277-99DA-6265E471BD11}.Ad-Hoc|ARM.ActiveCfg = Ad-Hoc|iPhone
		{6645BDDE-A91E-4277-99DA-6265E471BD11}.Ad-Hoc|ARM64.ActiveCfg = Ad-Hoc|iPhone
		{6645BDDE-A91E-4277-99DA-6265E471BD11}.Ad-Hoc|iPhone.ActiveCfg = Ad-Hoc|iPhone
		{6645BDDE-A91E-4277-99DA-6265E471BD11}.Ad-Hoc|iPhone.Build.0 = Ad-Hoc|iPhone
		{6645BDDE-A91E-4277-99DA-6265E471BD11}.Ad-Hoc|iPhoneSimulator.ActiveCfg = Ad-Hoc|iPhoneSimulator
		{6645BDDE-A91E-4277-99DA-6265E471BD11}.Ad-Hoc|iPhoneSimulator.Build.0 = Ad-Hoc|iPhoneSimulator
		{6645BDDE-A91E-4277-99DA-6265E471BD11}.Ad-Hoc|x64.ActiveCfg = Ad-Hoc|iPhone
		{6645BDDE-A91E-4277-99DA-6265E471BD11}.Ad-Hoc|x86.ActiveCfg = Ad-Hoc|iPhone
		{6645BDDE-A91E-4277-99DA-6265E471BD11}.AppStore|Any CPU.ActiveCfg = AppStore|iPhoneSimulator
		{6645BDDE-A91E-4277-99DA-6265E471BD11}.AppStore|ARM.ActiveCfg = AppStore|iPhone
		{6645BDDE-A91E-4277-99DA-6265E471BD11}.AppStore|ARM64.ActiveCfg = AppStore|iPhone
		{6645BDDE-A91E-4277-99DA-6265E471BD11}.AppStore|iPhone.ActiveCfg = AppStore|iPhone
		{6645BDDE-A91E-4277-99DA-6265E471BD11}.AppStore|iPhone.Build.0 = AppStore|iPhone
		{6645BDDE-A91E-4277-99DA-6265E471BD11}.AppStore|iPhoneSimulator.ActiveCfg = AppStore|iPhoneSimulator
		{6645BDDE-A91E-4277-99DA-6265E471BD11}.AppStore|iPhoneSimulator.Build.0 = AppStore|iPhoneSimulator
		{6645BDDE-A91E-4277-99DA-6265E471BD11}.AppStore|x64.ActiveCfg = AppStore|iPhone
		{6645BDDE-A91E-4277-99DA-6265E471BD11}.AppStore|x86.ActiveCfg = AppStore|iPhone
		{6645BDDE-A91E-4277-99DA-6265E471BD11}.Debug|Any CPU.ActiveCfg = Debug|iPhoneSimulator
		{6645BDDE-A91E-4277-99DA-6265E471BD11}.Debug|ARM.ActiveCfg = Debug|iPhone
		{6645BDDE-A91E-4277-99DA-6265E471BD11}.Debug|ARM64.ActiveCfg = Debug|iPhone
		{6645BDDE-A91E-4277-99DA-6265E471BD11}.Debug|iPhone.ActiveCfg = Debug|iPhone
		{6645BDDE-A91E-4277-99DA-6265E471BD11}.Debug|iPhone.Build.0 = Debug|iPhone
		{6645BDDE-A91E-4277-99DA-6265E471BD11}.Debug|iPhone.Deploy.0 = Debug|iPhone
		{6645BDDE-A91E-4277-99DA-6265E471BD11}.Debug|iPhoneSimulator.ActiveCfg = Debug|iPhoneSimulator
		{6645BDDE-A91E-4277-99DA-6265E471BD11}.Debug|iPhoneSimulator.Build.0 = Debug|iPhoneSimulator
		{6645BDDE-A91E-4277-99DA-6265E471BD11}.Debug|x64.ActiveCfg = Debug|iPhone
		{6645BDDE-A91E-4277-99DA-6265E471BD11}.Debug|x86.ActiveCfg = Debug|iPhone
		{6645BDDE-A91E-4277-99DA-6265E471BD11}.Release|Any CPU.ActiveCfg = Release|iPhoneSimulator
		{6645BDDE-A91E-4277-99DA-6265E471BD11}.Release|ARM.ActiveCfg = Release|iPhone
		{6645BDDE-A91E-4277-99DA-6265E471BD11}.Release|ARM64.ActiveCfg = Release|iPhone
		{6645BDDE-A91E-4277-99DA-6265E471BD11}.Release|iPhone.ActiveCfg = Release|iPhone
		{6645BDDE-A91E-4277-99DA-6265E471BD11}.Release|iPhone.Build.0 = Release|iPhone
		{6645BDDE-A91E-4277-99DA-6265E471BD11}.Release|iPhoneSimulator.ActiveCfg = Release|iPhoneSimulator
		{6645BDDE-A91E-4277-99DA-6265E471BD11}.Release|iPhoneSimulator.Build.0 = Release|iPhoneSimulator
		{6645BDDE-A91E-4277-99DA-6265E471BD11}.Release|x64.ActiveCfg = Release|iPhone
		{6645BDDE-A91E-4277-99DA-6265E471BD11}.Release|x86.ActiveCfg = Release|iPhone
		{56B5EFFA-DC54-4A77-B92A-D7E14E1D98F4}.Ad-Hoc|Any CPU.ActiveCfg = Debug|Any CPU
		{56B5EFFA-DC54-4A77-B92A-D7E14E1D98F4}.Ad-Hoc|Any CPU.Build.0 = Debug|Any CPU
		{56B5EFFA-DC54-4A77-B92A-D7E14E1D98F4}.Ad-Hoc|ARM.ActiveCfg = Release|Any CPU
		{56B5EFFA-DC54-4A77-B92A-D7E14E1D98F4}.Ad-Hoc|ARM.Build.0 = Release|Any CPU
		{56B5EFFA-DC54-4A77-B92A-D7E14E1D98F4}.Ad-Hoc|ARM64.ActiveCfg = Release|Any CPU
		{56B5EFFA-DC54-4A77-B92A-D7E14E1D98F4}.Ad-Hoc|ARM64.Build.0 = Release|Any CPU
		{56B5EFFA-DC54-4A77-B92A-D7E14E1D98F4}.Ad-Hoc|iPhone.ActiveCfg = Debug|Any CPU
		{56B5EFFA-DC54-4A77-B92A-D7E14E1D98F4}.Ad-Hoc|iPhone.Build.0 = Debug|Any CPU
		{56B5EFFA-DC54-4A77-B92A-D7E14E1D98F4}.Ad-Hoc|iPhoneSimulator.ActiveCfg = Debug|Any CPU
		{56B5EFFA-DC54-4A77-B92A-D7E14E1D98F4}.Ad-Hoc|iPhoneSimulator.Build.0 = Debug|Any CPU
		{56B5EFFA-DC54-4A77-B92A-D7E14E1D98F4}.Ad-Hoc|x64.ActiveCfg = Release|Any CPU
		{56B5EFFA-DC54-4A77-B92A-D7E14E1D98F4}.Ad-Hoc|x64.Build.0 = Release|Any CPU
		{56B5EFFA-DC54-4A77-B92A-D7E14E1D98F4}.Ad-Hoc|x86.ActiveCfg = Release|Any CPU
		{56B5EFFA-DC54-4A77-B92A-D7E14E1D98F4}.Ad-Hoc|x86.Build.0 = Release|Any CPU
		{56B5EFFA-DC54-4A77-B92A-D7E14E1D98F4}.AppStore|Any CPU.ActiveCfg = Debug|Any CPU
		{56B5EFFA-DC54-4A77-B92A-D7E14E1D98F4}.AppStore|Any CPU.Build.0 = Debug|Any CPU
		{56B5EFFA-DC54-4A77-B92A-D7E14E1D98F4}.AppStore|ARM.ActiveCfg = Release|Any CPU
		{56B5EFFA-DC54-4A77-B92A-D7E14E1D98F4}.AppStore|ARM.Build.0 = Release|Any CPU
		{56B5EFFA-DC54-4A77-B92A-D7E14E1D98F4}.AppStore|ARM64.ActiveCfg = Release|Any CPU
		{56B5EFFA-DC54-4A77-B92A-D7E14E1D98F4}.AppStore|ARM64.Build.0 = Release|Any CPU
		{56B5EFFA-DC54-4A77-B92A-D7E14E1D98F4}.AppStore|iPhone.ActiveCfg = Debug|Any CPU
		{56B5EFFA-DC54-4A77-B92A-D7E14E1D98F4}.AppStore|iPhone.Build.0 = Debug|Any CPU
		{56B5EFFA-DC54-4A77-B92A-D7E14E1D98F4}.AppStore|iPhoneSimulator.ActiveCfg = Debug|Any CPU
		{56B5EFFA-DC54-4A77-B92A-D7E14E1D98F4}.AppStore|iPhoneSimulator.Build.0 = Debug|Any CPU
		{56B5EFFA-DC54-4A77-B92A-D7E14E1D98F4}.AppStore|x64.ActiveCfg = Release|Any CPU
		{56B5EFFA-DC54-4A77-B92A-D7E14E1D98F4}.AppStore|x64.Build.0 = Release|Any CPU
		{56B5EFFA-DC54-4A77-B92A-D7E14E1D98F4}.AppStore|x86.ActiveCfg = Release|Any CPU
		{56B5EFFA-DC54-4A77-B92A-D7E14E1D98F4}.AppStore|x86.Build.0 = Release|Any CPU
		{56B5EFFA-DC54-4A77-B92A-D7E14E1D98F4}.Debug|Any CPU.ActiveCfg = Debug|Any CPU
		{56B5EFFA-DC54-4A77-B92A-D7E14E1D98F4}.Debug|Any CPU.Build.0 = Debug|Any CPU
		{56B5EFFA-DC54-4A77-B92A-D7E14E1D98F4}.Debug|ARM.ActiveCfg = Debug|Any CPU
		{56B5EFFA-DC54-4A77-B92A-D7E14E1D98F4}.Debug|ARM.Build.0 = Debug|Any CPU
		{56B5EFFA-DC54-4A77-B92A-D7E14E1D98F4}.Debug|ARM64.ActiveCfg = Debug|Any CPU
		{56B5EFFA-DC54-4A77-B92A-D7E14E1D98F4}.Debug|ARM64.Build.0 = Debug|Any CPU
		{56B5EFFA-DC54-4A77-B92A-D7E14E1D98F4}.Debug|iPhone.ActiveCfg = Debug|Any CPU
		{56B5EFFA-DC54-4A77-B92A-D7E14E1D98F4}.Debug|iPhone.Build.0 = Debug|Any CPU
		{56B5EFFA-DC54-4A77-B92A-D7E14E1D98F4}.Debug|iPhoneSimulator.ActiveCfg = Debug|Any CPU
		{56B5EFFA-DC54-4A77-B92A-D7E14E1D98F4}.Debug|iPhoneSimulator.Build.0 = Debug|Any CPU
		{56B5EFFA-DC54-4A77-B92A-D7E14E1D98F4}.Debug|x64.ActiveCfg = Debug|Any CPU
		{56B5EFFA-DC54-4A77-B92A-D7E14E1D98F4}.Debug|x64.Build.0 = Debug|Any CPU
		{56B5EFFA-DC54-4A77-B92A-D7E14E1D98F4}.Debug|x86.ActiveCfg = Debug|Any CPU
		{56B5EFFA-DC54-4A77-B92A-D7E14E1D98F4}.Debug|x86.Build.0 = Debug|Any CPU
		{56B5EFFA-DC54-4A77-B92A-D7E14E1D98F4}.Release|Any CPU.ActiveCfg = Release|Any CPU
		{56B5EFFA-DC54-4A77-B92A-D7E14E1D98F4}.Release|Any CPU.Build.0 = Release|Any CPU
		{56B5EFFA-DC54-4A77-B92A-D7E14E1D98F4}.Release|ARM.ActiveCfg = Release|Any CPU
		{56B5EFFA-DC54-4A77-B92A-D7E14E1D98F4}.Release|ARM.Build.0 = Release|Any CPU
		{56B5EFFA-DC54-4A77-B92A-D7E14E1D98F4}.Release|ARM64.ActiveCfg = Release|Any CPU
		{56B5EFFA-DC54-4A77-B92A-D7E14E1D98F4}.Release|ARM64.Build.0 = Release|Any CPU
		{56B5EFFA-DC54-4A77-B92A-D7E14E1D98F4}.Release|iPhone.ActiveCfg = Release|Any CPU
		{56B5EFFA-DC54-4A77-B92A-D7E14E1D98F4}.Release|iPhone.Build.0 = Release|Any CPU
		{56B5EFFA-DC54-4A77-B92A-D7E14E1D98F4}.Release|iPhoneSimulator.ActiveCfg = Release|Any CPU
		{56B5EFFA-DC54-4A77-B92A-D7E14E1D98F4}.Release|iPhoneSimulator.Build.0 = Release|Any CPU
		{56B5EFFA-DC54-4A77-B92A-D7E14E1D98F4}.Release|x64.ActiveCfg = Release|Any CPU
		{56B5EFFA-DC54-4A77-B92A-D7E14E1D98F4}.Release|x64.Build.0 = Release|Any CPU
		{56B5EFFA-DC54-4A77-B92A-D7E14E1D98F4}.Release|x86.ActiveCfg = Release|Any CPU
		{56B5EFFA-DC54-4A77-B92A-D7E14E1D98F4}.Release|x86.Build.0 = Release|Any CPU
		{4BE16262-0E18-44A7-9B50-503CCA9A3AA4}.Ad-Hoc|Any CPU.ActiveCfg = Debug|Any CPU
		{4BE16262-0E18-44A7-9B50-503CCA9A3AA4}.Ad-Hoc|Any CPU.Build.0 = Debug|Any CPU
		{4BE16262-0E18-44A7-9B50-503CCA9A3AA4}.Ad-Hoc|ARM.ActiveCfg = Release|Any CPU
		{4BE16262-0E18-44A7-9B50-503CCA9A3AA4}.Ad-Hoc|ARM.Build.0 = Release|Any CPU
		{4BE16262-0E18-44A7-9B50-503CCA9A3AA4}.Ad-Hoc|ARM64.ActiveCfg = Release|Any CPU
		{4BE16262-0E18-44A7-9B50-503CCA9A3AA4}.Ad-Hoc|ARM64.Build.0 = Release|Any CPU
		{4BE16262-0E18-44A7-9B50-503CCA9A3AA4}.Ad-Hoc|iPhone.ActiveCfg = Debug|Any CPU
		{4BE16262-0E18-44A7-9B50-503CCA9A3AA4}.Ad-Hoc|iPhone.Build.0 = Debug|Any CPU
		{4BE16262-0E18-44A7-9B50-503CCA9A3AA4}.Ad-Hoc|iPhoneSimulator.ActiveCfg = Debug|Any CPU
		{4BE16262-0E18-44A7-9B50-503CCA9A3AA4}.Ad-Hoc|iPhoneSimulator.Build.0 = Debug|Any CPU
		{4BE16262-0E18-44A7-9B50-503CCA9A3AA4}.Ad-Hoc|x64.ActiveCfg = Release|Any CPU
		{4BE16262-0E18-44A7-9B50-503CCA9A3AA4}.Ad-Hoc|x64.Build.0 = Release|Any CPU
		{4BE16262-0E18-44A7-9B50-503CCA9A3AA4}.Ad-Hoc|x86.ActiveCfg = Release|Any CPU
		{4BE16262-0E18-44A7-9B50-503CCA9A3AA4}.Ad-Hoc|x86.Build.0 = Release|Any CPU
		{4BE16262-0E18-44A7-9B50-503CCA9A3AA4}.AppStore|Any CPU.ActiveCfg = Debug|Any CPU
		{4BE16262-0E18-44A7-9B50-503CCA9A3AA4}.AppStore|Any CPU.Build.0 = Debug|Any CPU
		{4BE16262-0E18-44A7-9B50-503CCA9A3AA4}.AppStore|ARM.ActiveCfg = Release|Any CPU
		{4BE16262-0E18-44A7-9B50-503CCA9A3AA4}.AppStore|ARM.Build.0 = Release|Any CPU
		{4BE16262-0E18-44A7-9B50-503CCA9A3AA4}.AppStore|ARM64.ActiveCfg = Release|Any CPU
		{4BE16262-0E18-44A7-9B50-503CCA9A3AA4}.AppStore|ARM64.Build.0 = Release|Any CPU
		{4BE16262-0E18-44A7-9B50-503CCA9A3AA4}.AppStore|iPhone.ActiveCfg = Debug|Any CPU
		{4BE16262-0E18-44A7-9B50-503CCA9A3AA4}.AppStore|iPhone.Build.0 = Debug|Any CPU
		{4BE16262-0E18-44A7-9B50-503CCA9A3AA4}.AppStore|iPhoneSimulator.ActiveCfg = Debug|Any CPU
		{4BE16262-0E18-44A7-9B50-503CCA9A3AA4}.AppStore|iPhoneSimulator.Build.0 = Debug|Any CPU
		{4BE16262-0E18-44A7-9B50-503CCA9A3AA4}.AppStore|x64.ActiveCfg = Release|Any CPU
		{4BE16262-0E18-44A7-9B50-503CCA9A3AA4}.AppStore|x64.Build.0 = Release|Any CPU
		{4BE16262-0E18-44A7-9B50-503CCA9A3AA4}.AppStore|x86.ActiveCfg = Release|Any CPU
		{4BE16262-0E18-44A7-9B50-503CCA9A3AA4}.AppStore|x86.Build.0 = Release|Any CPU
		{4BE16262-0E18-44A7-9B50-503CCA9A3AA4}.Debug|Any CPU.ActiveCfg = Debug|Any CPU
		{4BE16262-0E18-44A7-9B50-503CCA9A3AA4}.Debug|Any CPU.Build.0 = Debug|Any CPU
		{4BE16262-0E18-44A7-9B50-503CCA9A3AA4}.Debug|ARM.ActiveCfg = Debug|Any CPU
		{4BE16262-0E18-44A7-9B50-503CCA9A3AA4}.Debug|ARM.Build.0 = Debug|Any CPU
		{4BE16262-0E18-44A7-9B50-503CCA9A3AA4}.Debug|ARM64.ActiveCfg = Debug|Any CPU
		{4BE16262-0E18-44A7-9B50-503CCA9A3AA4}.Debug|ARM64.Build.0 = Debug|Any CPU
		{4BE16262-0E18-44A7-9B50-503CCA9A3AA4}.Debug|iPhone.ActiveCfg = Debug|Any CPU
		{4BE16262-0E18-44A7-9B50-503CCA9A3AA4}.Debug|iPhone.Build.0 = Debug|Any CPU
		{4BE16262-0E18-44A7-9B50-503CCA9A3AA4}.Debug|iPhoneSimulator.ActiveCfg = Debug|Any CPU
		{4BE16262-0E18-44A7-9B50-503CCA9A3AA4}.Debug|iPhoneSimulator.Build.0 = Debug|Any CPU
		{4BE16262-0E18-44A7-9B50-503CCA9A3AA4}.Debug|x64.ActiveCfg = Debug|Any CPU
		{4BE16262-0E18-44A7-9B50-503CCA9A3AA4}.Debug|x64.Build.0 = Debug|Any CPU
		{4BE16262-0E18-44A7-9B50-503CCA9A3AA4}.Debug|x86.ActiveCfg = Debug|Any CPU
		{4BE16262-0E18-44A7-9B50-503CCA9A3AA4}.Debug|x86.Build.0 = Debug|Any CPU
		{4BE16262-0E18-44A7-9B50-503CCA9A3AA4}.Release|Any CPU.ActiveCfg = Release|Any CPU
		{4BE16262-0E18-44A7-9B50-503CCA9A3AA4}.Release|Any CPU.Build.0 = Release|Any CPU
		{4BE16262-0E18-44A7-9B50-503CCA9A3AA4}.Release|ARM.ActiveCfg = Release|Any CPU
		{4BE16262-0E18-44A7-9B50-503CCA9A3AA4}.Release|ARM.Build.0 = Release|Any CPU
		{4BE16262-0E18-44A7-9B50-503CCA9A3AA4}.Release|ARM64.ActiveCfg = Release|Any CPU
		{4BE16262-0E18-44A7-9B50-503CCA9A3AA4}.Release|ARM64.Build.0 = Release|Any CPU
		{4BE16262-0E18-44A7-9B50-503CCA9A3AA4}.Release|iPhone.ActiveCfg = Release|Any CPU
		{4BE16262-0E18-44A7-9B50-503CCA9A3AA4}.Release|iPhone.Build.0 = Release|Any CPU
		{4BE16262-0E18-44A7-9B50-503CCA9A3AA4}.Release|iPhoneSimulator.ActiveCfg = Release|Any CPU
		{4BE16262-0E18-44A7-9B50-503CCA9A3AA4}.Release|iPhoneSimulator.Build.0 = Release|Any CPU
		{4BE16262-0E18-44A7-9B50-503CCA9A3AA4}.Release|x64.ActiveCfg = Release|Any CPU
		{4BE16262-0E18-44A7-9B50-503CCA9A3AA4}.Release|x64.Build.0 = Release|Any CPU
		{4BE16262-0E18-44A7-9B50-503CCA9A3AA4}.Release|x86.ActiveCfg = Release|Any CPU
		{4BE16262-0E18-44A7-9B50-503CCA9A3AA4}.Release|x86.Build.0 = Release|Any CPU
		{E239185C-A2DC-4564-98A6-979F8CCC4645}.Ad-Hoc|Any CPU.ActiveCfg = Debug|Any CPU
		{E239185C-A2DC-4564-98A6-979F8CCC4645}.Ad-Hoc|Any CPU.Build.0 = Debug|Any CPU
		{E239185C-A2DC-4564-98A6-979F8CCC4645}.Ad-Hoc|ARM.ActiveCfg = Release|Any CPU
		{E239185C-A2DC-4564-98A6-979F8CCC4645}.Ad-Hoc|ARM.Build.0 = Release|Any CPU
		{E239185C-A2DC-4564-98A6-979F8CCC4645}.Ad-Hoc|ARM64.ActiveCfg = Release|Any CPU
		{E239185C-A2DC-4564-98A6-979F8CCC4645}.Ad-Hoc|ARM64.Build.0 = Release|Any CPU
		{E239185C-A2DC-4564-98A6-979F8CCC4645}.Ad-Hoc|iPhone.ActiveCfg = Debug|Any CPU
		{E239185C-A2DC-4564-98A6-979F8CCC4645}.Ad-Hoc|iPhone.Build.0 = Debug|Any CPU
		{E239185C-A2DC-4564-98A6-979F8CCC4645}.Ad-Hoc|iPhoneSimulator.ActiveCfg = Debug|Any CPU
		{E239185C-A2DC-4564-98A6-979F8CCC4645}.Ad-Hoc|iPhoneSimulator.Build.0 = Debug|Any CPU
		{E239185C-A2DC-4564-98A6-979F8CCC4645}.Ad-Hoc|x64.ActiveCfg = Release|Any CPU
		{E239185C-A2DC-4564-98A6-979F8CCC4645}.Ad-Hoc|x64.Build.0 = Release|Any CPU
		{E239185C-A2DC-4564-98A6-979F8CCC4645}.Ad-Hoc|x86.ActiveCfg = Release|Any CPU
		{E239185C-A2DC-4564-98A6-979F8CCC4645}.Ad-Hoc|x86.Build.0 = Release|Any CPU
		{E239185C-A2DC-4564-98A6-979F8CCC4645}.AppStore|Any CPU.ActiveCfg = Debug|Any CPU
		{E239185C-A2DC-4564-98A6-979F8CCC4645}.AppStore|Any CPU.Build.0 = Debug|Any CPU
		{E239185C-A2DC-4564-98A6-979F8CCC4645}.AppStore|ARM.ActiveCfg = Release|Any CPU
		{E239185C-A2DC-4564-98A6-979F8CCC4645}.AppStore|ARM.Build.0 = Release|Any CPU
		{E239185C-A2DC-4564-98A6-979F8CCC4645}.AppStore|ARM64.ActiveCfg = Release|Any CPU
		{E239185C-A2DC-4564-98A6-979F8CCC4645}.AppStore|ARM64.Build.0 = Release|Any CPU
		{E239185C-A2DC-4564-98A6-979F8CCC4645}.AppStore|iPhone.ActiveCfg = Debug|Any CPU
		{E239185C-A2DC-4564-98A6-979F8CCC4645}.AppStore|iPhone.Build.0 = Debug|Any CPU
		{E239185C-A2DC-4564-98A6-979F8CCC4645}.AppStore|iPhoneSimulator.ActiveCfg = Debug|Any CPU
		{E239185C-A2DC-4564-98A6-979F8CCC4645}.AppStore|iPhoneSimulator.Build.0 = Debug|Any CPU
		{E239185C-A2DC-4564-98A6-979F8CCC4645}.AppStore|x64.ActiveCfg = Release|Any CPU
		{E239185C-A2DC-4564-98A6-979F8CCC4645}.AppStore|x64.Build.0 = Release|Any CPU
		{E239185C-A2DC-4564-98A6-979F8CCC4645}.AppStore|x86.ActiveCfg = Release|Any CPU
		{E239185C-A2DC-4564-98A6-979F8CCC4645}.AppStore|x86.Build.0 = Release|Any CPU
		{E239185C-A2DC-4564-98A6-979F8CCC4645}.Debug|Any CPU.ActiveCfg = Debug|Any CPU
		{E239185C-A2DC-4564-98A6-979F8CCC4645}.Debug|Any CPU.Build.0 = Debug|Any CPU
		{E239185C-A2DC-4564-98A6-979F8CCC4645}.Debug|ARM.ActiveCfg = Debug|Any CPU
		{E239185C-A2DC-4564-98A6-979F8CCC4645}.Debug|ARM.Build.0 = Debug|Any CPU
		{E239185C-A2DC-4564-98A6-979F8CCC4645}.Debug|ARM64.ActiveCfg = Debug|Any CPU
		{E239185C-A2DC-4564-98A6-979F8CCC4645}.Debug|ARM64.Build.0 = Debug|Any CPU
		{E239185C-A2DC-4564-98A6-979F8CCC4645}.Debug|iPhone.ActiveCfg = Debug|Any CPU
		{E239185C-A2DC-4564-98A6-979F8CCC4645}.Debug|iPhone.Build.0 = Debug|Any CPU
		{E239185C-A2DC-4564-98A6-979F8CCC4645}.Debug|iPhoneSimulator.ActiveCfg = Debug|Any CPU
		{E239185C-A2DC-4564-98A6-979F8CCC4645}.Debug|iPhoneSimulator.Build.0 = Debug|Any CPU
		{E239185C-A2DC-4564-98A6-979F8CCC4645}.Debug|x64.ActiveCfg = Debug|Any CPU
		{E239185C-A2DC-4564-98A6-979F8CCC4645}.Debug|x64.Build.0 = Debug|Any CPU
		{E239185C-A2DC-4564-98A6-979F8CCC4645}.Debug|x86.ActiveCfg = Debug|Any CPU
		{E239185C-A2DC-4564-98A6-979F8CCC4645}.Debug|x86.Build.0 = Debug|Any CPU
		{E239185C-A2DC-4564-98A6-979F8CCC4645}.Release|Any CPU.ActiveCfg = Release|Any CPU
		{E239185C-A2DC-4564-98A6-979F8CCC4645}.Release|Any CPU.Build.0 = Release|Any CPU
		{E239185C-A2DC-4564-98A6-979F8CCC4645}.Release|ARM.ActiveCfg = Release|Any CPU
		{E239185C-A2DC-4564-98A6-979F8CCC4645}.Release|ARM.Build.0 = Release|Any CPU
		{E239185C-A2DC-4564-98A6-979F8CCC4645}.Release|ARM64.ActiveCfg = Release|Any CPU
		{E239185C-A2DC-4564-98A6-979F8CCC4645}.Release|ARM64.Build.0 = Release|Any CPU
		{E239185C-A2DC-4564-98A6-979F8CCC4645}.Release|iPhone.ActiveCfg = Release|Any CPU
		{E239185C-A2DC-4564-98A6-979F8CCC4645}.Release|iPhone.Build.0 = Release|Any CPU
		{E239185C-A2DC-4564-98A6-979F8CCC4645}.Release|iPhoneSimulator.ActiveCfg = Release|Any CPU
		{E239185C-A2DC-4564-98A6-979F8CCC4645}.Release|iPhoneSimulator.Build.0 = Release|Any CPU
		{E239185C-A2DC-4564-98A6-979F8CCC4645}.Release|x64.ActiveCfg = Release|Any CPU
		{E239185C-A2DC-4564-98A6-979F8CCC4645}.Release|x64.Build.0 = Release|Any CPU
		{E239185C-A2DC-4564-98A6-979F8CCC4645}.Release|x86.ActiveCfg = Release|Any CPU
		{E239185C-A2DC-4564-98A6-979F8CCC4645}.Release|x86.Build.0 = Release|Any CPU
		{CD5270F3-4435-4830-978B-61114A9ED48D}.Ad-Hoc|Any CPU.ActiveCfg = Debug|Any CPU
		{CD5270F3-4435-4830-978B-61114A9ED48D}.Ad-Hoc|Any CPU.Build.0 = Debug|Any CPU
		{CD5270F3-4435-4830-978B-61114A9ED48D}.Ad-Hoc|ARM.ActiveCfg = Release|Any CPU
		{CD5270F3-4435-4830-978B-61114A9ED48D}.Ad-Hoc|ARM.Build.0 = Release|Any CPU
		{CD5270F3-4435-4830-978B-61114A9ED48D}.Ad-Hoc|ARM64.ActiveCfg = Release|Any CPU
		{CD5270F3-4435-4830-978B-61114A9ED48D}.Ad-Hoc|ARM64.Build.0 = Release|Any CPU
		{CD5270F3-4435-4830-978B-61114A9ED48D}.Ad-Hoc|iPhone.ActiveCfg = Debug|Any CPU
		{CD5270F3-4435-4830-978B-61114A9ED48D}.Ad-Hoc|iPhone.Build.0 = Debug|Any CPU
		{CD5270F3-4435-4830-978B-61114A9ED48D}.Ad-Hoc|iPhoneSimulator.ActiveCfg = Debug|Any CPU
		{CD5270F3-4435-4830-978B-61114A9ED48D}.Ad-Hoc|iPhoneSimulator.Build.0 = Debug|Any CPU
		{CD5270F3-4435-4830-978B-61114A9ED48D}.Ad-Hoc|x64.ActiveCfg = Release|Any CPU
		{CD5270F3-4435-4830-978B-61114A9ED48D}.Ad-Hoc|x64.Build.0 = Release|Any CPU
		{CD5270F3-4435-4830-978B-61114A9ED48D}.Ad-Hoc|x86.ActiveCfg = Release|Any CPU
		{CD5270F3-4435-4830-978B-61114A9ED48D}.Ad-Hoc|x86.Build.0 = Release|Any CPU
		{CD5270F3-4435-4830-978B-61114A9ED48D}.AppStore|Any CPU.ActiveCfg = Debug|Any CPU
		{CD5270F3-4435-4830-978B-61114A9ED48D}.AppStore|Any CPU.Build.0 = Debug|Any CPU
		{CD5270F3-4435-4830-978B-61114A9ED48D}.AppStore|ARM.ActiveCfg = Release|Any CPU
		{CD5270F3-4435-4830-978B-61114A9ED48D}.AppStore|ARM.Build.0 = Release|Any CPU
		{CD5270F3-4435-4830-978B-61114A9ED48D}.AppStore|ARM64.ActiveCfg = Release|Any CPU
		{CD5270F3-4435-4830-978B-61114A9ED48D}.AppStore|ARM64.Build.0 = Release|Any CPU
		{CD5270F3-4435-4830-978B-61114A9ED48D}.AppStore|iPhone.ActiveCfg = Debug|Any CPU
		{CD5270F3-4435-4830-978B-61114A9ED48D}.AppStore|iPhone.Build.0 = Debug|Any CPU
		{CD5270F3-4435-4830-978B-61114A9ED48D}.AppStore|iPhoneSimulator.ActiveCfg = Debug|Any CPU
		{CD5270F3-4435-4830-978B-61114A9ED48D}.AppStore|iPhoneSimulator.Build.0 = Debug|Any CPU
		{CD5270F3-4435-4830-978B-61114A9ED48D}.AppStore|x64.ActiveCfg = Release|Any CPU
		{CD5270F3-4435-4830-978B-61114A9ED48D}.AppStore|x64.Build.0 = Release|Any CPU
		{CD5270F3-4435-4830-978B-61114A9ED48D}.AppStore|x86.ActiveCfg = Release|Any CPU
		{CD5270F3-4435-4830-978B-61114A9ED48D}.AppStore|x86.Build.0 = Release|Any CPU
		{CD5270F3-4435-4830-978B-61114A9ED48D}.Debug|Any CPU.ActiveCfg = Debug|Any CPU
		{CD5270F3-4435-4830-978B-61114A9ED48D}.Debug|Any CPU.Build.0 = Debug|Any CPU
		{CD5270F3-4435-4830-978B-61114A9ED48D}.Debug|ARM.ActiveCfg = Debug|Any CPU
		{CD5270F3-4435-4830-978B-61114A9ED48D}.Debug|ARM.Build.0 = Debug|Any CPU
		{CD5270F3-4435-4830-978B-61114A9ED48D}.Debug|ARM64.ActiveCfg = Debug|Any CPU
		{CD5270F3-4435-4830-978B-61114A9ED48D}.Debug|ARM64.Build.0 = Debug|Any CPU
		{CD5270F3-4435-4830-978B-61114A9ED48D}.Debug|iPhone.ActiveCfg = Debug|Any CPU
		{CD5270F3-4435-4830-978B-61114A9ED48D}.Debug|iPhone.Build.0 = Debug|Any CPU
		{CD5270F3-4435-4830-978B-61114A9ED48D}.Debug|iPhoneSimulator.ActiveCfg = Debug|Any CPU
		{CD5270F3-4435-4830-978B-61114A9ED48D}.Debug|iPhoneSimulator.Build.0 = Debug|Any CPU
		{CD5270F3-4435-4830-978B-61114A9ED48D}.Debug|x64.ActiveCfg = Debug|Any CPU
		{CD5270F3-4435-4830-978B-61114A9ED48D}.Debug|x64.Build.0 = Debug|Any CPU
		{CD5270F3-4435-4830-978B-61114A9ED48D}.Debug|x86.ActiveCfg = Debug|Any CPU
		{CD5270F3-4435-4830-978B-61114A9ED48D}.Debug|x86.Build.0 = Debug|Any CPU
		{CD5270F3-4435-4830-978B-61114A9ED48D}.Release|Any CPU.ActiveCfg = Release|Any CPU
		{CD5270F3-4435-4830-978B-61114A9ED48D}.Release|Any CPU.Build.0 = Release|Any CPU
		{CD5270F3-4435-4830-978B-61114A9ED48D}.Release|ARM.ActiveCfg = Release|Any CPU
		{CD5270F3-4435-4830-978B-61114A9ED48D}.Release|ARM.Build.0 = Release|Any CPU
		{CD5270F3-4435-4830-978B-61114A9ED48D}.Release|ARM64.ActiveCfg = Release|Any CPU
		{CD5270F3-4435-4830-978B-61114A9ED48D}.Release|ARM64.Build.0 = Release|Any CPU
		{CD5270F3-4435-4830-978B-61114A9ED48D}.Release|iPhone.ActiveCfg = Release|Any CPU
		{CD5270F3-4435-4830-978B-61114A9ED48D}.Release|iPhone.Build.0 = Release|Any CPU
		{CD5270F3-4435-4830-978B-61114A9ED48D}.Release|iPhoneSimulator.ActiveCfg = Release|Any CPU
		{CD5270F3-4435-4830-978B-61114A9ED48D}.Release|iPhoneSimulator.Build.0 = Release|Any CPU
		{CD5270F3-4435-4830-978B-61114A9ED48D}.Release|x64.ActiveCfg = Release|Any CPU
		{CD5270F3-4435-4830-978B-61114A9ED48D}.Release|x64.Build.0 = Release|Any CPU
		{CD5270F3-4435-4830-978B-61114A9ED48D}.Release|x86.ActiveCfg = Release|Any CPU
		{CD5270F3-4435-4830-978B-61114A9ED48D}.Release|x86.Build.0 = Release|Any CPU
		{A71B51F4-D774-4B45-968C-60F1C26A096D}.Ad-Hoc|Any CPU.ActiveCfg = Debug|Any CPU
		{A71B51F4-D774-4B45-968C-60F1C26A096D}.Ad-Hoc|Any CPU.Build.0 = Debug|Any CPU
		{A71B51F4-D774-4B45-968C-60F1C26A096D}.Ad-Hoc|ARM.ActiveCfg = Release|Any CPU
		{A71B51F4-D774-4B45-968C-60F1C26A096D}.Ad-Hoc|ARM.Build.0 = Release|Any CPU
		{A71B51F4-D774-4B45-968C-60F1C26A096D}.Ad-Hoc|ARM64.ActiveCfg = Release|Any CPU
		{A71B51F4-D774-4B45-968C-60F1C26A096D}.Ad-Hoc|ARM64.Build.0 = Release|Any CPU
		{A71B51F4-D774-4B45-968C-60F1C26A096D}.Ad-Hoc|iPhone.ActiveCfg = Debug|Any CPU
		{A71B51F4-D774-4B45-968C-60F1C26A096D}.Ad-Hoc|iPhone.Build.0 = Debug|Any CPU
		{A71B51F4-D774-4B45-968C-60F1C26A096D}.Ad-Hoc|iPhoneSimulator.ActiveCfg = Debug|Any CPU
		{A71B51F4-D774-4B45-968C-60F1C26A096D}.Ad-Hoc|iPhoneSimulator.Build.0 = Debug|Any CPU
		{A71B51F4-D774-4B45-968C-60F1C26A096D}.Ad-Hoc|x64.ActiveCfg = Release|Any CPU
		{A71B51F4-D774-4B45-968C-60F1C26A096D}.Ad-Hoc|x64.Build.0 = Release|Any CPU
		{A71B51F4-D774-4B45-968C-60F1C26A096D}.Ad-Hoc|x86.ActiveCfg = Release|Any CPU
		{A71B51F4-D774-4B45-968C-60F1C26A096D}.Ad-Hoc|x86.Build.0 = Release|Any CPU
		{A71B51F4-D774-4B45-968C-60F1C26A096D}.AppStore|Any CPU.ActiveCfg = Debug|Any CPU
		{A71B51F4-D774-4B45-968C-60F1C26A096D}.AppStore|Any CPU.Build.0 = Debug|Any CPU
		{A71B51F4-D774-4B45-968C-60F1C26A096D}.AppStore|ARM.ActiveCfg = Release|Any CPU
		{A71B51F4-D774-4B45-968C-60F1C26A096D}.AppStore|ARM.Build.0 = Release|Any CPU
		{A71B51F4-D774-4B45-968C-60F1C26A096D}.AppStore|ARM64.ActiveCfg = Release|Any CPU
		{A71B51F4-D774-4B45-968C-60F1C26A096D}.AppStore|ARM64.Build.0 = Release|Any CPU
		{A71B51F4-D774-4B45-968C-60F1C26A096D}.AppStore|iPhone.ActiveCfg = Debug|Any CPU
		{A71B51F4-D774-4B45-968C-60F1C26A096D}.AppStore|iPhone.Build.0 = Debug|Any CPU
		{A71B51F4-D774-4B45-968C-60F1C26A096D}.AppStore|iPhoneSimulator.ActiveCfg = Debug|Any CPU
		{A71B51F4-D774-4B45-968C-60F1C26A096D}.AppStore|iPhoneSimulator.Build.0 = Debug|Any CPU
		{A71B51F4-D774-4B45-968C-60F1C26A096D}.AppStore|x64.ActiveCfg = Release|Any CPU
		{A71B51F4-D774-4B45-968C-60F1C26A096D}.AppStore|x64.Build.0 = Release|Any CPU
		{A71B51F4-D774-4B45-968C-60F1C26A096D}.AppStore|x86.ActiveCfg = Release|Any CPU
		{A71B51F4-D774-4B45-968C-60F1C26A096D}.AppStore|x86.Build.0 = Release|Any CPU
		{A71B51F4-D774-4B45-968C-60F1C26A096D}.Debug|Any CPU.ActiveCfg = Debug|Any CPU
		{A71B51F4-D774-4B45-968C-60F1C26A096D}.Debug|Any CPU.Build.0 = Debug|Any CPU
		{A71B51F4-D774-4B45-968C-60F1C26A096D}.Debug|ARM.ActiveCfg = Debug|Any CPU
		{A71B51F4-D774-4B45-968C-60F1C26A096D}.Debug|ARM.Build.0 = Debug|Any CPU
		{A71B51F4-D774-4B45-968C-60F1C26A096D}.Debug|ARM64.ActiveCfg = Debug|Any CPU
		{A71B51F4-D774-4B45-968C-60F1C26A096D}.Debug|ARM64.Build.0 = Debug|Any CPU
		{A71B51F4-D774-4B45-968C-60F1C26A096D}.Debug|iPhone.ActiveCfg = Debug|Any CPU
		{A71B51F4-D774-4B45-968C-60F1C26A096D}.Debug|iPhone.Build.0 = Debug|Any CPU
		{A71B51F4-D774-4B45-968C-60F1C26A096D}.Debug|iPhoneSimulator.ActiveCfg = Debug|Any CPU
		{A71B51F4-D774-4B45-968C-60F1C26A096D}.Debug|iPhoneSimulator.Build.0 = Debug|Any CPU
		{A71B51F4-D774-4B45-968C-60F1C26A096D}.Debug|x64.ActiveCfg = Debug|Any CPU
		{A71B51F4-D774-4B45-968C-60F1C26A096D}.Debug|x64.Build.0 = Debug|Any CPU
		{A71B51F4-D774-4B45-968C-60F1C26A096D}.Debug|x86.ActiveCfg = Debug|Any CPU
		{A71B51F4-D774-4B45-968C-60F1C26A096D}.Debug|x86.Build.0 = Debug|Any CPU
		{A71B51F4-D774-4B45-968C-60F1C26A096D}.Release|Any CPU.ActiveCfg = Release|Any CPU
		{A71B51F4-D774-4B45-968C-60F1C26A096D}.Release|Any CPU.Build.0 = Release|Any CPU
		{A71B51F4-D774-4B45-968C-60F1C26A096D}.Release|ARM.ActiveCfg = Release|Any CPU
		{A71B51F4-D774-4B45-968C-60F1C26A096D}.Release|ARM.Build.0 = Release|Any CPU
		{A71B51F4-D774-4B45-968C-60F1C26A096D}.Release|ARM64.ActiveCfg = Release|Any CPU
		{A71B51F4-D774-4B45-968C-60F1C26A096D}.Release|ARM64.Build.0 = Release|Any CPU
		{A71B51F4-D774-4B45-968C-60F1C26A096D}.Release|iPhone.ActiveCfg = Release|Any CPU
		{A71B51F4-D774-4B45-968C-60F1C26A096D}.Release|iPhone.Build.0 = Release|Any CPU
		{A71B51F4-D774-4B45-968C-60F1C26A096D}.Release|iPhoneSimulator.ActiveCfg = Release|Any CPU
		{A71B51F4-D774-4B45-968C-60F1C26A096D}.Release|iPhoneSimulator.Build.0 = Release|Any CPU
		{A71B51F4-D774-4B45-968C-60F1C26A096D}.Release|x64.ActiveCfg = Release|Any CPU
		{A71B51F4-D774-4B45-968C-60F1C26A096D}.Release|x64.Build.0 = Release|Any CPU
		{A71B51F4-D774-4B45-968C-60F1C26A096D}.Release|x86.ActiveCfg = Release|Any CPU
		{A71B51F4-D774-4B45-968C-60F1C26A096D}.Release|x86.Build.0 = Release|Any CPU
		{87D21DDC-5557-46FD-9CED-AD4EE830FA75}.Ad-Hoc|Any CPU.ActiveCfg = Debug|Any CPU
		{87D21DDC-5557-46FD-9CED-AD4EE830FA75}.Ad-Hoc|Any CPU.Build.0 = Debug|Any CPU
		{87D21DDC-5557-46FD-9CED-AD4EE830FA75}.Ad-Hoc|Any CPU.Deploy.0 = Debug|Any CPU
		{87D21DDC-5557-46FD-9CED-AD4EE830FA75}.Ad-Hoc|ARM.ActiveCfg = Debug|Any CPU
		{87D21DDC-5557-46FD-9CED-AD4EE830FA75}.Ad-Hoc|ARM.Build.0 = Debug|Any CPU
		{87D21DDC-5557-46FD-9CED-AD4EE830FA75}.Ad-Hoc|ARM.Deploy.0 = Debug|Any CPU
		{87D21DDC-5557-46FD-9CED-AD4EE830FA75}.Ad-Hoc|ARM64.ActiveCfg = Debug|Any CPU
		{87D21DDC-5557-46FD-9CED-AD4EE830FA75}.Ad-Hoc|ARM64.Build.0 = Debug|Any CPU
		{87D21DDC-5557-46FD-9CED-AD4EE830FA75}.Ad-Hoc|ARM64.Deploy.0 = Debug|Any CPU
		{87D21DDC-5557-46FD-9CED-AD4EE830FA75}.Ad-Hoc|iPhone.ActiveCfg = Debug|Any CPU
		{87D21DDC-5557-46FD-9CED-AD4EE830FA75}.Ad-Hoc|iPhone.Build.0 = Debug|Any CPU
		{87D21DDC-5557-46FD-9CED-AD4EE830FA75}.Ad-Hoc|iPhone.Deploy.0 = Debug|Any CPU
		{87D21DDC-5557-46FD-9CED-AD4EE830FA75}.Ad-Hoc|iPhoneSimulator.ActiveCfg = Debug|Any CPU
		{87D21DDC-5557-46FD-9CED-AD4EE830FA75}.Ad-Hoc|iPhoneSimulator.Build.0 = Debug|Any CPU
		{87D21DDC-5557-46FD-9CED-AD4EE830FA75}.Ad-Hoc|iPhoneSimulator.Deploy.0 = Debug|Any CPU
		{87D21DDC-5557-46FD-9CED-AD4EE830FA75}.Ad-Hoc|x64.ActiveCfg = Debug|Any CPU
		{87D21DDC-5557-46FD-9CED-AD4EE830FA75}.Ad-Hoc|x64.Build.0 = Debug|Any CPU
		{87D21DDC-5557-46FD-9CED-AD4EE830FA75}.Ad-Hoc|x64.Deploy.0 = Debug|Any CPU
		{87D21DDC-5557-46FD-9CED-AD4EE830FA75}.Ad-Hoc|x86.ActiveCfg = Debug|Any CPU
		{87D21DDC-5557-46FD-9CED-AD4EE830FA75}.Ad-Hoc|x86.Build.0 = Debug|Any CPU
		{87D21DDC-5557-46FD-9CED-AD4EE830FA75}.Ad-Hoc|x86.Deploy.0 = Debug|Any CPU
		{87D21DDC-5557-46FD-9CED-AD4EE830FA75}.AppStore|Any CPU.ActiveCfg = Debug|Any CPU
		{87D21DDC-5557-46FD-9CED-AD4EE830FA75}.AppStore|Any CPU.Build.0 = Debug|Any CPU
		{87D21DDC-5557-46FD-9CED-AD4EE830FA75}.AppStore|Any CPU.Deploy.0 = Debug|Any CPU
		{87D21DDC-5557-46FD-9CED-AD4EE830FA75}.AppStore|ARM.ActiveCfg = Debug|Any CPU
		{87D21DDC-5557-46FD-9CED-AD4EE830FA75}.AppStore|ARM.Build.0 = Debug|Any CPU
		{87D21DDC-5557-46FD-9CED-AD4EE830FA75}.AppStore|ARM.Deploy.0 = Debug|Any CPU
		{87D21DDC-5557-46FD-9CED-AD4EE830FA75}.AppStore|ARM64.ActiveCfg = Debug|Any CPU
		{87D21DDC-5557-46FD-9CED-AD4EE830FA75}.AppStore|ARM64.Build.0 = Debug|Any CPU
		{87D21DDC-5557-46FD-9CED-AD4EE830FA75}.AppStore|ARM64.Deploy.0 = Debug|Any CPU
		{87D21DDC-5557-46FD-9CED-AD4EE830FA75}.AppStore|iPhone.ActiveCfg = Debug|Any CPU
		{87D21DDC-5557-46FD-9CED-AD4EE830FA75}.AppStore|iPhone.Build.0 = Debug|Any CPU
		{87D21DDC-5557-46FD-9CED-AD4EE830FA75}.AppStore|iPhone.Deploy.0 = Debug|Any CPU
		{87D21DDC-5557-46FD-9CED-AD4EE830FA75}.AppStore|iPhoneSimulator.ActiveCfg = Debug|Any CPU
		{87D21DDC-5557-46FD-9CED-AD4EE830FA75}.AppStore|iPhoneSimulator.Build.0 = Debug|Any CPU
		{87D21DDC-5557-46FD-9CED-AD4EE830FA75}.AppStore|iPhoneSimulator.Deploy.0 = Debug|Any CPU
		{87D21DDC-5557-46FD-9CED-AD4EE830FA75}.AppStore|x64.ActiveCfg = Debug|Any CPU
		{87D21DDC-5557-46FD-9CED-AD4EE830FA75}.AppStore|x64.Build.0 = Debug|Any CPU
		{87D21DDC-5557-46FD-9CED-AD4EE830FA75}.AppStore|x64.Deploy.0 = Debug|Any CPU
		{87D21DDC-5557-46FD-9CED-AD4EE830FA75}.AppStore|x86.ActiveCfg = Debug|Any CPU
		{87D21DDC-5557-46FD-9CED-AD4EE830FA75}.AppStore|x86.Build.0 = Debug|Any CPU
		{87D21DDC-5557-46FD-9CED-AD4EE830FA75}.AppStore|x86.Deploy.0 = Debug|Any CPU
		{87D21DDC-5557-46FD-9CED-AD4EE830FA75}.Debug|Any CPU.ActiveCfg = Debug|Any CPU
		{87D21DDC-5557-46FD-9CED-AD4EE830FA75}.Debug|Any CPU.Build.0 = Debug|Any CPU
		{87D21DDC-5557-46FD-9CED-AD4EE830FA75}.Debug|Any CPU.Deploy.0 = Debug|Any CPU
		{87D21DDC-5557-46FD-9CED-AD4EE830FA75}.Debug|ARM.ActiveCfg = Debug|Any CPU
		{87D21DDC-5557-46FD-9CED-AD4EE830FA75}.Debug|ARM.Build.0 = Debug|Any CPU
		{87D21DDC-5557-46FD-9CED-AD4EE830FA75}.Debug|ARM.Deploy.0 = Debug|Any CPU
		{87D21DDC-5557-46FD-9CED-AD4EE830FA75}.Debug|ARM64.ActiveCfg = Debug|Any CPU
		{87D21DDC-5557-46FD-9CED-AD4EE830FA75}.Debug|ARM64.Build.0 = Debug|Any CPU
		{87D21DDC-5557-46FD-9CED-AD4EE830FA75}.Debug|ARM64.Deploy.0 = Debug|Any CPU
		{87D21DDC-5557-46FD-9CED-AD4EE830FA75}.Debug|iPhone.ActiveCfg = Debug|Any CPU
		{87D21DDC-5557-46FD-9CED-AD4EE830FA75}.Debug|iPhone.Build.0 = Debug|Any CPU
		{87D21DDC-5557-46FD-9CED-AD4EE830FA75}.Debug|iPhone.Deploy.0 = Debug|Any CPU
		{87D21DDC-5557-46FD-9CED-AD4EE830FA75}.Debug|iPhoneSimulator.ActiveCfg = Debug|Any CPU
		{87D21DDC-5557-46FD-9CED-AD4EE830FA75}.Debug|iPhoneSimulator.Build.0 = Debug|Any CPU
		{87D21DDC-5557-46FD-9CED-AD4EE830FA75}.Debug|iPhoneSimulator.Deploy.0 = Debug|Any CPU
		{87D21DDC-5557-46FD-9CED-AD4EE830FA75}.Debug|x64.ActiveCfg = Debug|Any CPU
		{87D21DDC-5557-46FD-9CED-AD4EE830FA75}.Debug|x64.Build.0 = Debug|Any CPU
		{87D21DDC-5557-46FD-9CED-AD4EE830FA75}.Debug|x64.Deploy.0 = Debug|Any CPU
		{87D21DDC-5557-46FD-9CED-AD4EE830FA75}.Debug|x86.ActiveCfg = Debug|Any CPU
		{87D21DDC-5557-46FD-9CED-AD4EE830FA75}.Debug|x86.Build.0 = Debug|Any CPU
		{87D21DDC-5557-46FD-9CED-AD4EE830FA75}.Debug|x86.Deploy.0 = Debug|Any CPU
		{87D21DDC-5557-46FD-9CED-AD4EE830FA75}.Release|Any CPU.ActiveCfg = Release|Any CPU
		{87D21DDC-5557-46FD-9CED-AD4EE830FA75}.Release|Any CPU.Build.0 = Release|Any CPU
		{87D21DDC-5557-46FD-9CED-AD4EE830FA75}.Release|Any CPU.Deploy.0 = Release|Any CPU
		{87D21DDC-5557-46FD-9CED-AD4EE830FA75}.Release|ARM.ActiveCfg = Release|Any CPU
		{87D21DDC-5557-46FD-9CED-AD4EE830FA75}.Release|ARM.Build.0 = Release|Any CPU
		{87D21DDC-5557-46FD-9CED-AD4EE830FA75}.Release|ARM.Deploy.0 = Release|Any CPU
		{87D21DDC-5557-46FD-9CED-AD4EE830FA75}.Release|ARM64.ActiveCfg = Release|Any CPU
		{87D21DDC-5557-46FD-9CED-AD4EE830FA75}.Release|ARM64.Build.0 = Release|Any CPU
		{87D21DDC-5557-46FD-9CED-AD4EE830FA75}.Release|ARM64.Deploy.0 = Release|Any CPU
		{87D21DDC-5557-46FD-9CED-AD4EE830FA75}.Release|iPhone.ActiveCfg = Release|Any CPU
		{87D21DDC-5557-46FD-9CED-AD4EE830FA75}.Release|iPhone.Build.0 = Release|Any CPU
		{87D21DDC-5557-46FD-9CED-AD4EE830FA75}.Release|iPhone.Deploy.0 = Release|Any CPU
		{87D21DDC-5557-46FD-9CED-AD4EE830FA75}.Release|iPhoneSimulator.ActiveCfg = Release|Any CPU
		{87D21DDC-5557-46FD-9CED-AD4EE830FA75}.Release|iPhoneSimulator.Build.0 = Release|Any CPU
		{87D21DDC-5557-46FD-9CED-AD4EE830FA75}.Release|iPhoneSimulator.Deploy.0 = Release|Any CPU
		{87D21DDC-5557-46FD-9CED-AD4EE830FA75}.Release|x64.ActiveCfg = Release|Any CPU
		{87D21DDC-5557-46FD-9CED-AD4EE830FA75}.Release|x64.Build.0 = Release|Any CPU
		{87D21DDC-5557-46FD-9CED-AD4EE830FA75}.Release|x64.Deploy.0 = Release|Any CPU
		{87D21DDC-5557-46FD-9CED-AD4EE830FA75}.Release|x86.ActiveCfg = Release|Any CPU
		{87D21DDC-5557-46FD-9CED-AD4EE830FA75}.Release|x86.Build.0 = Release|Any CPU
		{87D21DDC-5557-46FD-9CED-AD4EE830FA75}.Release|x86.Deploy.0 = Release|Any CPU
		{90F3E94D-1A60-44DB-83C2-FADF477B920D}.Ad-Hoc|Any CPU.ActiveCfg = Ad-Hoc|iPhoneSimulator
		{90F3E94D-1A60-44DB-83C2-FADF477B920D}.Ad-Hoc|ARM.ActiveCfg = Ad-Hoc|iPhoneSimulator
		{90F3E94D-1A60-44DB-83C2-FADF477B920D}.Ad-Hoc|ARM64.ActiveCfg = Ad-Hoc|iPhoneSimulator
		{90F3E94D-1A60-44DB-83C2-FADF477B920D}.Ad-Hoc|iPhone.ActiveCfg = Ad-Hoc|iPhone
		{90F3E94D-1A60-44DB-83C2-FADF477B920D}.Ad-Hoc|iPhone.Build.0 = Ad-Hoc|iPhone
		{90F3E94D-1A60-44DB-83C2-FADF477B920D}.Ad-Hoc|iPhoneSimulator.ActiveCfg = Ad-Hoc|iPhoneSimulator
		{90F3E94D-1A60-44DB-83C2-FADF477B920D}.Ad-Hoc|iPhoneSimulator.Build.0 = Ad-Hoc|iPhoneSimulator
		{90F3E94D-1A60-44DB-83C2-FADF477B920D}.Ad-Hoc|x64.ActiveCfg = Ad-Hoc|iPhoneSimulator
		{90F3E94D-1A60-44DB-83C2-FADF477B920D}.Ad-Hoc|x86.ActiveCfg = Ad-Hoc|iPhoneSimulator
		{90F3E94D-1A60-44DB-83C2-FADF477B920D}.AppStore|Any CPU.ActiveCfg = AppStore|iPhoneSimulator
		{90F3E94D-1A60-44DB-83C2-FADF477B920D}.AppStore|ARM.ActiveCfg = AppStore|iPhoneSimulator
		{90F3E94D-1A60-44DB-83C2-FADF477B920D}.AppStore|ARM64.ActiveCfg = AppStore|iPhoneSimulator
		{90F3E94D-1A60-44DB-83C2-FADF477B920D}.AppStore|iPhone.ActiveCfg = AppStore|iPhone
		{90F3E94D-1A60-44DB-83C2-FADF477B920D}.AppStore|iPhone.Build.0 = AppStore|iPhone
		{90F3E94D-1A60-44DB-83C2-FADF477B920D}.AppStore|iPhoneSimulator.ActiveCfg = AppStore|iPhoneSimulator
		{90F3E94D-1A60-44DB-83C2-FADF477B920D}.AppStore|iPhoneSimulator.Build.0 = AppStore|iPhoneSimulator
		{90F3E94D-1A60-44DB-83C2-FADF477B920D}.AppStore|x64.ActiveCfg = AppStore|iPhoneSimulator
		{90F3E94D-1A60-44DB-83C2-FADF477B920D}.AppStore|x86.ActiveCfg = AppStore|iPhoneSimulator
		{90F3E94D-1A60-44DB-83C2-FADF477B920D}.Debug|Any CPU.ActiveCfg = Debug|iPhoneSimulator
		{90F3E94D-1A60-44DB-83C2-FADF477B920D}.Debug|ARM.ActiveCfg = Debug|iPhoneSimulator
		{90F3E94D-1A60-44DB-83C2-FADF477B920D}.Debug|ARM64.ActiveCfg = Debug|iPhoneSimulator
		{90F3E94D-1A60-44DB-83C2-FADF477B920D}.Debug|iPhone.ActiveCfg = Debug|iPhone
		{90F3E94D-1A60-44DB-83C2-FADF477B920D}.Debug|iPhone.Build.0 = Debug|iPhone
		{90F3E94D-1A60-44DB-83C2-FADF477B920D}.Debug|iPhoneSimulator.ActiveCfg = Debug|iPhoneSimulator
		{90F3E94D-1A60-44DB-83C2-FADF477B920D}.Debug|iPhoneSimulator.Build.0 = Debug|iPhoneSimulator
		{90F3E94D-1A60-44DB-83C2-FADF477B920D}.Debug|x64.ActiveCfg = Debug|iPhoneSimulator
		{90F3E94D-1A60-44DB-83C2-FADF477B920D}.Debug|x86.ActiveCfg = Debug|iPhoneSimulator
		{90F3E94D-1A60-44DB-83C2-FADF477B920D}.Release|Any CPU.ActiveCfg = Release|iPhoneSimulator
		{90F3E94D-1A60-44DB-83C2-FADF477B920D}.Release|ARM.ActiveCfg = Release|iPhoneSimulator
		{90F3E94D-1A60-44DB-83C2-FADF477B920D}.Release|ARM64.ActiveCfg = Release|iPhoneSimulator
		{90F3E94D-1A60-44DB-83C2-FADF477B920D}.Release|iPhone.ActiveCfg = Release|iPhone
		{90F3E94D-1A60-44DB-83C2-FADF477B920D}.Release|iPhone.Build.0 = Release|iPhone
		{90F3E94D-1A60-44DB-83C2-FADF477B920D}.Release|iPhoneSimulator.ActiveCfg = Release|iPhoneSimulator
		{90F3E94D-1A60-44DB-83C2-FADF477B920D}.Release|iPhoneSimulator.Build.0 = Release|iPhoneSimulator
		{90F3E94D-1A60-44DB-83C2-FADF477B920D}.Release|x64.ActiveCfg = Release|iPhoneSimulator
		{90F3E94D-1A60-44DB-83C2-FADF477B920D}.Release|x86.ActiveCfg = Release|iPhoneSimulator
		{AAC0F653-5D04-48CB-8903-ACF4E94AEB1B}.Ad-Hoc|Any CPU.ActiveCfg = Debug|x86
		{AAC0F653-5D04-48CB-8903-ACF4E94AEB1B}.Ad-Hoc|Any CPU.Build.0 = Debug|x86
		{AAC0F653-5D04-48CB-8903-ACF4E94AEB1B}.Ad-Hoc|Any CPU.Deploy.0 = Debug|x86
		{AAC0F653-5D04-48CB-8903-ACF4E94AEB1B}.Ad-Hoc|ARM.ActiveCfg = Debug|ARM
		{AAC0F653-5D04-48CB-8903-ACF4E94AEB1B}.Ad-Hoc|ARM.Build.0 = Debug|ARM
		{AAC0F653-5D04-48CB-8903-ACF4E94AEB1B}.Ad-Hoc|ARM.Deploy.0 = Debug|ARM
		{AAC0F653-5D04-48CB-8903-ACF4E94AEB1B}.Ad-Hoc|ARM64.ActiveCfg = Debug|ARM64
		{AAC0F653-5D04-48CB-8903-ACF4E94AEB1B}.Ad-Hoc|ARM64.Build.0 = Debug|ARM64
		{AAC0F653-5D04-48CB-8903-ACF4E94AEB1B}.Ad-Hoc|ARM64.Deploy.0 = Debug|ARM64
		{AAC0F653-5D04-48CB-8903-ACF4E94AEB1B}.Ad-Hoc|iPhone.ActiveCfg = Debug|x86
		{AAC0F653-5D04-48CB-8903-ACF4E94AEB1B}.Ad-Hoc|iPhone.Build.0 = Debug|x86
		{AAC0F653-5D04-48CB-8903-ACF4E94AEB1B}.Ad-Hoc|iPhone.Deploy.0 = Debug|x86
		{AAC0F653-5D04-48CB-8903-ACF4E94AEB1B}.Ad-Hoc|iPhoneSimulator.ActiveCfg = Debug|x86
		{AAC0F653-5D04-48CB-8903-ACF4E94AEB1B}.Ad-Hoc|iPhoneSimulator.Build.0 = Debug|x86
		{AAC0F653-5D04-48CB-8903-ACF4E94AEB1B}.Ad-Hoc|iPhoneSimulator.Deploy.0 = Debug|x86
		{AAC0F653-5D04-48CB-8903-ACF4E94AEB1B}.Ad-Hoc|x64.ActiveCfg = Debug|x64
		{AAC0F653-5D04-48CB-8903-ACF4E94AEB1B}.Ad-Hoc|x64.Build.0 = Debug|x64
		{AAC0F653-5D04-48CB-8903-ACF4E94AEB1B}.Ad-Hoc|x64.Deploy.0 = Debug|x64
		{AAC0F653-5D04-48CB-8903-ACF4E94AEB1B}.Ad-Hoc|x86.ActiveCfg = Debug|x86
		{AAC0F653-5D04-48CB-8903-ACF4E94AEB1B}.Ad-Hoc|x86.Build.0 = Debug|x86
		{AAC0F653-5D04-48CB-8903-ACF4E94AEB1B}.Ad-Hoc|x86.Deploy.0 = Debug|x86
		{AAC0F653-5D04-48CB-8903-ACF4E94AEB1B}.AppStore|Any CPU.ActiveCfg = Debug|x86
		{AAC0F653-5D04-48CB-8903-ACF4E94AEB1B}.AppStore|Any CPU.Build.0 = Debug|x86
		{AAC0F653-5D04-48CB-8903-ACF4E94AEB1B}.AppStore|Any CPU.Deploy.0 = Debug|x86
		{AAC0F653-5D04-48CB-8903-ACF4E94AEB1B}.AppStore|ARM.ActiveCfg = Debug|ARM
		{AAC0F653-5D04-48CB-8903-ACF4E94AEB1B}.AppStore|ARM.Build.0 = Debug|ARM
		{AAC0F653-5D04-48CB-8903-ACF4E94AEB1B}.AppStore|ARM.Deploy.0 = Debug|ARM
		{AAC0F653-5D04-48CB-8903-ACF4E94AEB1B}.AppStore|ARM64.ActiveCfg = Debug|ARM64
		{AAC0F653-5D04-48CB-8903-ACF4E94AEB1B}.AppStore|ARM64.Build.0 = Debug|ARM64
		{AAC0F653-5D04-48CB-8903-ACF4E94AEB1B}.AppStore|ARM64.Deploy.0 = Debug|ARM64
		{AAC0F653-5D04-48CB-8903-ACF4E94AEB1B}.AppStore|iPhone.ActiveCfg = Debug|x86
		{AAC0F653-5D04-48CB-8903-ACF4E94AEB1B}.AppStore|iPhone.Build.0 = Debug|x86
		{AAC0F653-5D04-48CB-8903-ACF4E94AEB1B}.AppStore|iPhone.Deploy.0 = Debug|x86
		{AAC0F653-5D04-48CB-8903-ACF4E94AEB1B}.AppStore|iPhoneSimulator.ActiveCfg = Debug|x86
		{AAC0F653-5D04-48CB-8903-ACF4E94AEB1B}.AppStore|iPhoneSimulator.Build.0 = Debug|x86
		{AAC0F653-5D04-48CB-8903-ACF4E94AEB1B}.AppStore|iPhoneSimulator.Deploy.0 = Debug|x86
		{AAC0F653-5D04-48CB-8903-ACF4E94AEB1B}.AppStore|x64.ActiveCfg = Debug|x64
		{AAC0F653-5D04-48CB-8903-ACF4E94AEB1B}.AppStore|x64.Build.0 = Debug|x64
		{AAC0F653-5D04-48CB-8903-ACF4E94AEB1B}.AppStore|x64.Deploy.0 = Debug|x64
		{AAC0F653-5D04-48CB-8903-ACF4E94AEB1B}.AppStore|x86.ActiveCfg = Debug|x86
		{AAC0F653-5D04-48CB-8903-ACF4E94AEB1B}.AppStore|x86.Build.0 = Debug|x86
		{AAC0F653-5D04-48CB-8903-ACF4E94AEB1B}.AppStore|x86.Deploy.0 = Debug|x86
		{AAC0F653-5D04-48CB-8903-ACF4E94AEB1B}.Debug|Any CPU.ActiveCfg = Debug|x86
		{AAC0F653-5D04-48CB-8903-ACF4E94AEB1B}.Debug|Any CPU.Build.0 = Debug|x86
		{AAC0F653-5D04-48CB-8903-ACF4E94AEB1B}.Debug|Any CPU.Deploy.0 = Debug|x86
		{AAC0F653-5D04-48CB-8903-ACF4E94AEB1B}.Debug|ARM.ActiveCfg = Debug|ARM
		{AAC0F653-5D04-48CB-8903-ACF4E94AEB1B}.Debug|ARM.Build.0 = Debug|ARM
		{AAC0F653-5D04-48CB-8903-ACF4E94AEB1B}.Debug|ARM.Deploy.0 = Debug|ARM
		{AAC0F653-5D04-48CB-8903-ACF4E94AEB1B}.Debug|ARM64.ActiveCfg = Debug|ARM64
		{AAC0F653-5D04-48CB-8903-ACF4E94AEB1B}.Debug|ARM64.Build.0 = Debug|ARM64
		{AAC0F653-5D04-48CB-8903-ACF4E94AEB1B}.Debug|ARM64.Deploy.0 = Debug|ARM64
		{AAC0F653-5D04-48CB-8903-ACF4E94AEB1B}.Debug|iPhone.ActiveCfg = Debug|x86
		{AAC0F653-5D04-48CB-8903-ACF4E94AEB1B}.Debug|iPhoneSimulator.ActiveCfg = Debug|x86
		{AAC0F653-5D04-48CB-8903-ACF4E94AEB1B}.Debug|x64.ActiveCfg = Debug|x64
		{AAC0F653-5D04-48CB-8903-ACF4E94AEB1B}.Debug|x64.Build.0 = Debug|x64
		{AAC0F653-5D04-48CB-8903-ACF4E94AEB1B}.Debug|x64.Deploy.0 = Debug|x64
		{AAC0F653-5D04-48CB-8903-ACF4E94AEB1B}.Debug|x86.ActiveCfg = Debug|x86
		{AAC0F653-5D04-48CB-8903-ACF4E94AEB1B}.Debug|x86.Build.0 = Debug|x86
		{AAC0F653-5D04-48CB-8903-ACF4E94AEB1B}.Debug|x86.Deploy.0 = Debug|x86
		{AAC0F653-5D04-48CB-8903-ACF4E94AEB1B}.Release|Any CPU.ActiveCfg = Release|x86
		{AAC0F653-5D04-48CB-8903-ACF4E94AEB1B}.Release|ARM.ActiveCfg = Release|ARM
		{AAC0F653-5D04-48CB-8903-ACF4E94AEB1B}.Release|ARM.Build.0 = Release|ARM
		{AAC0F653-5D04-48CB-8903-ACF4E94AEB1B}.Release|ARM.Deploy.0 = Release|ARM
		{AAC0F653-5D04-48CB-8903-ACF4E94AEB1B}.Release|ARM64.ActiveCfg = Release|ARM64
		{AAC0F653-5D04-48CB-8903-ACF4E94AEB1B}.Release|ARM64.Build.0 = Release|ARM64
		{AAC0F653-5D04-48CB-8903-ACF4E94AEB1B}.Release|ARM64.Deploy.0 = Release|ARM64
		{AAC0F653-5D04-48CB-8903-ACF4E94AEB1B}.Release|iPhone.ActiveCfg = Release|x86
		{AAC0F653-5D04-48CB-8903-ACF4E94AEB1B}.Release|iPhoneSimulator.ActiveCfg = Release|x86
		{AAC0F653-5D04-48CB-8903-ACF4E94AEB1B}.Release|x64.ActiveCfg = Release|x64
		{AAC0F653-5D04-48CB-8903-ACF4E94AEB1B}.Release|x64.Build.0 = Release|x64
		{AAC0F653-5D04-48CB-8903-ACF4E94AEB1B}.Release|x64.Deploy.0 = Release|x64
		{AAC0F653-5D04-48CB-8903-ACF4E94AEB1B}.Release|x86.ActiveCfg = Release|x86
		{AAC0F653-5D04-48CB-8903-ACF4E94AEB1B}.Release|x86.Build.0 = Release|x86
		{AAC0F653-5D04-48CB-8903-ACF4E94AEB1B}.Release|x86.Deploy.0 = Release|x86
		{95AE6077-D8D4-4FA1-A343-3FC791878133}.Ad-Hoc|Any CPU.ActiveCfg = Debug|Any CPU
		{95AE6077-D8D4-4FA1-A343-3FC791878133}.Ad-Hoc|Any CPU.Build.0 = Debug|Any CPU
		{95AE6077-D8D4-4FA1-A343-3FC791878133}.Ad-Hoc|ARM.ActiveCfg = Debug|Any CPU
		{95AE6077-D8D4-4FA1-A343-3FC791878133}.Ad-Hoc|ARM.Build.0 = Debug|Any CPU
		{95AE6077-D8D4-4FA1-A343-3FC791878133}.Ad-Hoc|ARM64.ActiveCfg = Debug|Any CPU
		{95AE6077-D8D4-4FA1-A343-3FC791878133}.Ad-Hoc|ARM64.Build.0 = Debug|Any CPU
		{95AE6077-D8D4-4FA1-A343-3FC791878133}.Ad-Hoc|iPhone.ActiveCfg = Debug|Any CPU
		{95AE6077-D8D4-4FA1-A343-3FC791878133}.Ad-Hoc|iPhone.Build.0 = Debug|Any CPU
		{95AE6077-D8D4-4FA1-A343-3FC791878133}.Ad-Hoc|iPhoneSimulator.ActiveCfg = Debug|Any CPU
		{95AE6077-D8D4-4FA1-A343-3FC791878133}.Ad-Hoc|iPhoneSimulator.Build.0 = Debug|Any CPU
		{95AE6077-D8D4-4FA1-A343-3FC791878133}.Ad-Hoc|x64.ActiveCfg = Debug|Any CPU
		{95AE6077-D8D4-4FA1-A343-3FC791878133}.Ad-Hoc|x64.Build.0 = Debug|Any CPU
		{95AE6077-D8D4-4FA1-A343-3FC791878133}.Ad-Hoc|x86.ActiveCfg = Debug|Any CPU
		{95AE6077-D8D4-4FA1-A343-3FC791878133}.Ad-Hoc|x86.Build.0 = Debug|Any CPU
		{95AE6077-D8D4-4FA1-A343-3FC791878133}.AppStore|Any CPU.ActiveCfg = Debug|Any CPU
		{95AE6077-D8D4-4FA1-A343-3FC791878133}.AppStore|Any CPU.Build.0 = Debug|Any CPU
		{95AE6077-D8D4-4FA1-A343-3FC791878133}.AppStore|ARM.ActiveCfg = Debug|Any CPU
		{95AE6077-D8D4-4FA1-A343-3FC791878133}.AppStore|ARM.Build.0 = Debug|Any CPU
		{95AE6077-D8D4-4FA1-A343-3FC791878133}.AppStore|ARM64.ActiveCfg = Debug|Any CPU
		{95AE6077-D8D4-4FA1-A343-3FC791878133}.AppStore|ARM64.Build.0 = Debug|Any CPU
		{95AE6077-D8D4-4FA1-A343-3FC791878133}.AppStore|iPhone.ActiveCfg = Debug|Any CPU
		{95AE6077-D8D4-4FA1-A343-3FC791878133}.AppStore|iPhone.Build.0 = Debug|Any CPU
		{95AE6077-D8D4-4FA1-A343-3FC791878133}.AppStore|iPhoneSimulator.ActiveCfg = Debug|Any CPU
		{95AE6077-D8D4-4FA1-A343-3FC791878133}.AppStore|iPhoneSimulator.Build.0 = Debug|Any CPU
		{95AE6077-D8D4-4FA1-A343-3FC791878133}.AppStore|x64.ActiveCfg = Debug|Any CPU
		{95AE6077-D8D4-4FA1-A343-3FC791878133}.AppStore|x64.Build.0 = Debug|Any CPU
		{95AE6077-D8D4-4FA1-A343-3FC791878133}.AppStore|x86.ActiveCfg = Debug|Any CPU
		{95AE6077-D8D4-4FA1-A343-3FC791878133}.AppStore|x86.Build.0 = Debug|Any CPU
		{95AE6077-D8D4-4FA1-A343-3FC791878133}.Debug|Any CPU.ActiveCfg = Debug|Any CPU
		{95AE6077-D8D4-4FA1-A343-3FC791878133}.Debug|Any CPU.Build.0 = Debug|Any CPU
		{95AE6077-D8D4-4FA1-A343-3FC791878133}.Debug|ARM.ActiveCfg = Debug|Any CPU
		{95AE6077-D8D4-4FA1-A343-3FC791878133}.Debug|ARM.Build.0 = Debug|Any CPU
		{95AE6077-D8D4-4FA1-A343-3FC791878133}.Debug|ARM64.ActiveCfg = Debug|Any CPU
		{95AE6077-D8D4-4FA1-A343-3FC791878133}.Debug|ARM64.Build.0 = Debug|Any CPU
		{95AE6077-D8D4-4FA1-A343-3FC791878133}.Debug|iPhone.ActiveCfg = Debug|Any CPU
		{95AE6077-D8D4-4FA1-A343-3FC791878133}.Debug|iPhone.Build.0 = Debug|Any CPU
		{95AE6077-D8D4-4FA1-A343-3FC791878133}.Debug|iPhoneSimulator.ActiveCfg = Debug|Any CPU
		{95AE6077-D8D4-4FA1-A343-3FC791878133}.Debug|iPhoneSimulator.Build.0 = Debug|Any CPU
		{95AE6077-D8D4-4FA1-A343-3FC791878133}.Debug|x64.ActiveCfg = Debug|Any CPU
		{95AE6077-D8D4-4FA1-A343-3FC791878133}.Debug|x64.Build.0 = Debug|Any CPU
		{95AE6077-D8D4-4FA1-A343-3FC791878133}.Debug|x86.ActiveCfg = Debug|Any CPU
		{95AE6077-D8D4-4FA1-A343-3FC791878133}.Debug|x86.Build.0 = Debug|Any CPU
		{95AE6077-D8D4-4FA1-A343-3FC791878133}.Release|Any CPU.ActiveCfg = Release|Any CPU
		{95AE6077-D8D4-4FA1-A343-3FC791878133}.Release|Any CPU.Build.0 = Release|Any CPU
		{95AE6077-D8D4-4FA1-A343-3FC791878133}.Release|ARM.ActiveCfg = Release|Any CPU
		{95AE6077-D8D4-4FA1-A343-3FC791878133}.Release|ARM.Build.0 = Release|Any CPU
		{95AE6077-D8D4-4FA1-A343-3FC791878133}.Release|ARM64.ActiveCfg = Release|Any CPU
		{95AE6077-D8D4-4FA1-A343-3FC791878133}.Release|ARM64.Build.0 = Release|Any CPU
		{95AE6077-D8D4-4FA1-A343-3FC791878133}.Release|iPhone.ActiveCfg = Release|Any CPU
		{95AE6077-D8D4-4FA1-A343-3FC791878133}.Release|iPhone.Build.0 = Release|Any CPU
		{95AE6077-D8D4-4FA1-A343-3FC791878133}.Release|iPhoneSimulator.ActiveCfg = Release|Any CPU
		{95AE6077-D8D4-4FA1-A343-3FC791878133}.Release|iPhoneSimulator.Build.0 = Release|Any CPU
		{95AE6077-D8D4-4FA1-A343-3FC791878133}.Release|x64.ActiveCfg = Release|Any CPU
		{95AE6077-D8D4-4FA1-A343-3FC791878133}.Release|x64.Build.0 = Release|Any CPU
		{95AE6077-D8D4-4FA1-A343-3FC791878133}.Release|x86.ActiveCfg = Release|Any CPU
		{95AE6077-D8D4-4FA1-A343-3FC791878133}.Release|x86.Build.0 = Release|Any CPU
		{926E14B9-4F0D-42E7-93EA-676D8CDA3E78}.Ad-Hoc|Any CPU.ActiveCfg = Debug|iPhoneSimulator
		{926E14B9-4F0D-42E7-93EA-676D8CDA3E78}.Ad-Hoc|Any CPU.Build.0 = Debug|iPhoneSimulator
		{926E14B9-4F0D-42E7-93EA-676D8CDA3E78}.Ad-Hoc|ARM.ActiveCfg = Debug|iPhoneSimulator
		{926E14B9-4F0D-42E7-93EA-676D8CDA3E78}.Ad-Hoc|ARM.Build.0 = Debug|iPhoneSimulator
		{926E14B9-4F0D-42E7-93EA-676D8CDA3E78}.Ad-Hoc|ARM64.ActiveCfg = Debug|iPhoneSimulator
		{926E14B9-4F0D-42E7-93EA-676D8CDA3E78}.Ad-Hoc|ARM64.Build.0 = Debug|iPhoneSimulator
		{926E14B9-4F0D-42E7-93EA-676D8CDA3E78}.Ad-Hoc|iPhone.ActiveCfg = Debug|iPhoneSimulator
		{926E14B9-4F0D-42E7-93EA-676D8CDA3E78}.Ad-Hoc|iPhone.Build.0 = Debug|iPhoneSimulator
		{926E14B9-4F0D-42E7-93EA-676D8CDA3E78}.Ad-Hoc|iPhoneSimulator.ActiveCfg = Debug|iPhoneSimulator
		{926E14B9-4F0D-42E7-93EA-676D8CDA3E78}.Ad-Hoc|iPhoneSimulator.Build.0 = Debug|iPhoneSimulator
		{926E14B9-4F0D-42E7-93EA-676D8CDA3E78}.Ad-Hoc|x64.ActiveCfg = Debug|iPhoneSimulator
		{926E14B9-4F0D-42E7-93EA-676D8CDA3E78}.Ad-Hoc|x64.Build.0 = Debug|iPhoneSimulator
		{926E14B9-4F0D-42E7-93EA-676D8CDA3E78}.Ad-Hoc|x86.ActiveCfg = Debug|iPhoneSimulator
		{926E14B9-4F0D-42E7-93EA-676D8CDA3E78}.Ad-Hoc|x86.Build.0 = Debug|iPhoneSimulator
		{926E14B9-4F0D-42E7-93EA-676D8CDA3E78}.AppStore|Any CPU.ActiveCfg = Debug|iPhoneSimulator
		{926E14B9-4F0D-42E7-93EA-676D8CDA3E78}.AppStore|Any CPU.Build.0 = Debug|iPhoneSimulator
		{926E14B9-4F0D-42E7-93EA-676D8CDA3E78}.AppStore|ARM.ActiveCfg = Debug|iPhoneSimulator
		{926E14B9-4F0D-42E7-93EA-676D8CDA3E78}.AppStore|ARM.Build.0 = Debug|iPhoneSimulator
		{926E14B9-4F0D-42E7-93EA-676D8CDA3E78}.AppStore|ARM64.ActiveCfg = Debug|iPhoneSimulator
		{926E14B9-4F0D-42E7-93EA-676D8CDA3E78}.AppStore|ARM64.Build.0 = Debug|iPhoneSimulator
		{926E14B9-4F0D-42E7-93EA-676D8CDA3E78}.AppStore|iPhone.ActiveCfg = Debug|iPhoneSimulator
		{926E14B9-4F0D-42E7-93EA-676D8CDA3E78}.AppStore|iPhone.Build.0 = Debug|iPhoneSimulator
		{926E14B9-4F0D-42E7-93EA-676D8CDA3E78}.AppStore|iPhoneSimulator.ActiveCfg = Debug|iPhoneSimulator
		{926E14B9-4F0D-42E7-93EA-676D8CDA3E78}.AppStore|iPhoneSimulator.Build.0 = Debug|iPhoneSimulator
		{926E14B9-4F0D-42E7-93EA-676D8CDA3E78}.AppStore|x64.ActiveCfg = Debug|iPhoneSimulator
		{926E14B9-4F0D-42E7-93EA-676D8CDA3E78}.AppStore|x64.Build.0 = Debug|iPhoneSimulator
		{926E14B9-4F0D-42E7-93EA-676D8CDA3E78}.AppStore|x86.ActiveCfg = Debug|iPhoneSimulator
		{926E14B9-4F0D-42E7-93EA-676D8CDA3E78}.AppStore|x86.Build.0 = Debug|iPhoneSimulator
		{926E14B9-4F0D-42E7-93EA-676D8CDA3E78}.Debug|Any CPU.ActiveCfg = Debug|iPhoneSimulator
		{926E14B9-4F0D-42E7-93EA-676D8CDA3E78}.Debug|ARM.ActiveCfg = Debug|iPhoneSimulator
		{926E14B9-4F0D-42E7-93EA-676D8CDA3E78}.Debug|ARM64.ActiveCfg = Debug|iPhoneSimulator
		{926E14B9-4F0D-42E7-93EA-676D8CDA3E78}.Debug|iPhone.ActiveCfg = Debug|iPhoneSimulator
		{926E14B9-4F0D-42E7-93EA-676D8CDA3E78}.Debug|iPhoneSimulator.ActiveCfg = Debug|iPhoneSimulator
		{926E14B9-4F0D-42E7-93EA-676D8CDA3E78}.Debug|iPhoneSimulator.Build.0 = Debug|iPhoneSimulator
		{926E14B9-4F0D-42E7-93EA-676D8CDA3E78}.Debug|x64.ActiveCfg = Debug|iPhoneSimulator
		{926E14B9-4F0D-42E7-93EA-676D8CDA3E78}.Debug|x86.ActiveCfg = Debug|iPhoneSimulator
		{926E14B9-4F0D-42E7-93EA-676D8CDA3E78}.Release|Any CPU.ActiveCfg = Release|iPhoneSimulator
		{926E14B9-4F0D-42E7-93EA-676D8CDA3E78}.Release|ARM.ActiveCfg = Release|iPhoneSimulator
		{926E14B9-4F0D-42E7-93EA-676D8CDA3E78}.Release|ARM64.ActiveCfg = Release|iPhoneSimulator
		{926E14B9-4F0D-42E7-93EA-676D8CDA3E78}.Release|iPhone.ActiveCfg = Release|iPhoneSimulator
		{926E14B9-4F0D-42E7-93EA-676D8CDA3E78}.Release|iPhoneSimulator.ActiveCfg = Release|iPhoneSimulator
		{926E14B9-4F0D-42E7-93EA-676D8CDA3E78}.Release|iPhoneSimulator.Build.0 = Release|iPhoneSimulator
		{926E14B9-4F0D-42E7-93EA-676D8CDA3E78}.Release|x64.ActiveCfg = Release|iPhoneSimulator
		{926E14B9-4F0D-42E7-93EA-676D8CDA3E78}.Release|x86.ActiveCfg = Release|iPhoneSimulator
		{1E85EB83-5BA2-44E9-8001-56D347AD44B0}.Ad-Hoc|Any CPU.ActiveCfg = Debug|Any CPU
		{1E85EB83-5BA2-44E9-8001-56D347AD44B0}.Ad-Hoc|Any CPU.Build.0 = Debug|Any CPU
		{1E85EB83-5BA2-44E9-8001-56D347AD44B0}.Ad-Hoc|ARM.ActiveCfg = Debug|Any CPU
		{1E85EB83-5BA2-44E9-8001-56D347AD44B0}.Ad-Hoc|ARM.Build.0 = Debug|Any CPU
		{1E85EB83-5BA2-44E9-8001-56D347AD44B0}.Ad-Hoc|ARM64.ActiveCfg = Debug|Any CPU
		{1E85EB83-5BA2-44E9-8001-56D347AD44B0}.Ad-Hoc|ARM64.Build.0 = Debug|Any CPU
		{1E85EB83-5BA2-44E9-8001-56D347AD44B0}.Ad-Hoc|iPhone.ActiveCfg = Debug|Any CPU
		{1E85EB83-5BA2-44E9-8001-56D347AD44B0}.Ad-Hoc|iPhone.Build.0 = Debug|Any CPU
		{1E85EB83-5BA2-44E9-8001-56D347AD44B0}.Ad-Hoc|iPhoneSimulator.ActiveCfg = Debug|Any CPU
		{1E85EB83-5BA2-44E9-8001-56D347AD44B0}.Ad-Hoc|iPhoneSimulator.Build.0 = Debug|Any CPU
		{1E85EB83-5BA2-44E9-8001-56D347AD44B0}.Ad-Hoc|x64.ActiveCfg = Debug|Any CPU
		{1E85EB83-5BA2-44E9-8001-56D347AD44B0}.Ad-Hoc|x64.Build.0 = Debug|Any CPU
		{1E85EB83-5BA2-44E9-8001-56D347AD44B0}.Ad-Hoc|x86.ActiveCfg = Debug|Any CPU
		{1E85EB83-5BA2-44E9-8001-56D347AD44B0}.Ad-Hoc|x86.Build.0 = Debug|Any CPU
		{1E85EB83-5BA2-44E9-8001-56D347AD44B0}.AppStore|Any CPU.ActiveCfg = Debug|Any CPU
		{1E85EB83-5BA2-44E9-8001-56D347AD44B0}.AppStore|Any CPU.Build.0 = Debug|Any CPU
		{1E85EB83-5BA2-44E9-8001-56D347AD44B0}.AppStore|ARM.ActiveCfg = Debug|Any CPU
		{1E85EB83-5BA2-44E9-8001-56D347AD44B0}.AppStore|ARM.Build.0 = Debug|Any CPU
		{1E85EB83-5BA2-44E9-8001-56D347AD44B0}.AppStore|ARM64.ActiveCfg = Debug|Any CPU
		{1E85EB83-5BA2-44E9-8001-56D347AD44B0}.AppStore|ARM64.Build.0 = Debug|Any CPU
		{1E85EB83-5BA2-44E9-8001-56D347AD44B0}.AppStore|iPhone.ActiveCfg = Debug|Any CPU
		{1E85EB83-5BA2-44E9-8001-56D347AD44B0}.AppStore|iPhone.Build.0 = Debug|Any CPU
		{1E85EB83-5BA2-44E9-8001-56D347AD44B0}.AppStore|iPhoneSimulator.ActiveCfg = Debug|Any CPU
		{1E85EB83-5BA2-44E9-8001-56D347AD44B0}.AppStore|iPhoneSimulator.Build.0 = Debug|Any CPU
		{1E85EB83-5BA2-44E9-8001-56D347AD44B0}.AppStore|x64.ActiveCfg = Debug|Any CPU
		{1E85EB83-5BA2-44E9-8001-56D347AD44B0}.AppStore|x64.Build.0 = Debug|Any CPU
		{1E85EB83-5BA2-44E9-8001-56D347AD44B0}.AppStore|x86.ActiveCfg = Debug|Any CPU
		{1E85EB83-5BA2-44E9-8001-56D347AD44B0}.AppStore|x86.Build.0 = Debug|Any CPU
		{1E85EB83-5BA2-44E9-8001-56D347AD44B0}.Debug|Any CPU.ActiveCfg = Debug|Any CPU
		{1E85EB83-5BA2-44E9-8001-56D347AD44B0}.Debug|Any CPU.Build.0 = Debug|Any CPU
		{1E85EB83-5BA2-44E9-8001-56D347AD44B0}.Debug|ARM.ActiveCfg = Debug|Any CPU
		{1E85EB83-5BA2-44E9-8001-56D347AD44B0}.Debug|ARM.Build.0 = Debug|Any CPU
		{1E85EB83-5BA2-44E9-8001-56D347AD44B0}.Debug|ARM64.ActiveCfg = Debug|Any CPU
		{1E85EB83-5BA2-44E9-8001-56D347AD44B0}.Debug|ARM64.Build.0 = Debug|Any CPU
		{1E85EB83-5BA2-44E9-8001-56D347AD44B0}.Debug|iPhone.ActiveCfg = Debug|Any CPU
		{1E85EB83-5BA2-44E9-8001-56D347AD44B0}.Debug|iPhone.Build.0 = Debug|Any CPU
		{1E85EB83-5BA2-44E9-8001-56D347AD44B0}.Debug|iPhoneSimulator.ActiveCfg = Debug|Any CPU
		{1E85EB83-5BA2-44E9-8001-56D347AD44B0}.Debug|iPhoneSimulator.Build.0 = Debug|Any CPU
		{1E85EB83-5BA2-44E9-8001-56D347AD44B0}.Debug|x64.ActiveCfg = Debug|Any CPU
		{1E85EB83-5BA2-44E9-8001-56D347AD44B0}.Debug|x64.Build.0 = Debug|Any CPU
		{1E85EB83-5BA2-44E9-8001-56D347AD44B0}.Debug|x86.ActiveCfg = Debug|Any CPU
		{1E85EB83-5BA2-44E9-8001-56D347AD44B0}.Debug|x86.Build.0 = Debug|Any CPU
		{1E85EB83-5BA2-44E9-8001-56D347AD44B0}.Release|Any CPU.ActiveCfg = Release|Any CPU
		{1E85EB83-5BA2-44E9-8001-56D347AD44B0}.Release|Any CPU.Build.0 = Release|Any CPU
		{1E85EB83-5BA2-44E9-8001-56D347AD44B0}.Release|ARM.ActiveCfg = Release|Any CPU
		{1E85EB83-5BA2-44E9-8001-56D347AD44B0}.Release|ARM.Build.0 = Release|Any CPU
		{1E85EB83-5BA2-44E9-8001-56D347AD44B0}.Release|ARM64.ActiveCfg = Release|Any CPU
		{1E85EB83-5BA2-44E9-8001-56D347AD44B0}.Release|ARM64.Build.0 = Release|Any CPU
		{1E85EB83-5BA2-44E9-8001-56D347AD44B0}.Release|iPhone.ActiveCfg = Release|Any CPU
		{1E85EB83-5BA2-44E9-8001-56D347AD44B0}.Release|iPhone.Build.0 = Release|Any CPU
		{1E85EB83-5BA2-44E9-8001-56D347AD44B0}.Release|iPhoneSimulator.ActiveCfg = Release|Any CPU
		{1E85EB83-5BA2-44E9-8001-56D347AD44B0}.Release|iPhoneSimulator.Build.0 = Release|Any CPU
		{1E85EB83-5BA2-44E9-8001-56D347AD44B0}.Release|x64.ActiveCfg = Release|Any CPU
		{1E85EB83-5BA2-44E9-8001-56D347AD44B0}.Release|x64.Build.0 = Release|Any CPU
		{1E85EB83-5BA2-44E9-8001-56D347AD44B0}.Release|x86.ActiveCfg = Release|Any CPU
		{1E85EB83-5BA2-44E9-8001-56D347AD44B0}.Release|x86.Build.0 = Release|Any CPU
		{71094B5E-52B1-4842-B15C-722913CC3CA9}.Ad-Hoc|Any CPU.ActiveCfg = Debug|Any CPU
		{71094B5E-52B1-4842-B15C-722913CC3CA9}.Ad-Hoc|Any CPU.Build.0 = Debug|Any CPU
		{71094B5E-52B1-4842-B15C-722913CC3CA9}.Ad-Hoc|ARM.ActiveCfg = Debug|Any CPU
		{71094B5E-52B1-4842-B15C-722913CC3CA9}.Ad-Hoc|ARM.Build.0 = Debug|Any CPU
		{71094B5E-52B1-4842-B15C-722913CC3CA9}.Ad-Hoc|ARM64.ActiveCfg = Debug|Any CPU
		{71094B5E-52B1-4842-B15C-722913CC3CA9}.Ad-Hoc|ARM64.Build.0 = Debug|Any CPU
		{71094B5E-52B1-4842-B15C-722913CC3CA9}.Ad-Hoc|iPhone.ActiveCfg = Debug|Any CPU
		{71094B5E-52B1-4842-B15C-722913CC3CA9}.Ad-Hoc|iPhone.Build.0 = Debug|Any CPU
		{71094B5E-52B1-4842-B15C-722913CC3CA9}.Ad-Hoc|iPhoneSimulator.ActiveCfg = Debug|Any CPU
		{71094B5E-52B1-4842-B15C-722913CC3CA9}.Ad-Hoc|iPhoneSimulator.Build.0 = Debug|Any CPU
		{71094B5E-52B1-4842-B15C-722913CC3CA9}.Ad-Hoc|x64.ActiveCfg = Debug|Any CPU
		{71094B5E-52B1-4842-B15C-722913CC3CA9}.Ad-Hoc|x64.Build.0 = Debug|Any CPU
		{71094B5E-52B1-4842-B15C-722913CC3CA9}.Ad-Hoc|x86.ActiveCfg = Debug|Any CPU
		{71094B5E-52B1-4842-B15C-722913CC3CA9}.Ad-Hoc|x86.Build.0 = Debug|Any CPU
		{71094B5E-52B1-4842-B15C-722913CC3CA9}.AppStore|Any CPU.ActiveCfg = Debug|Any CPU
		{71094B5E-52B1-4842-B15C-722913CC3CA9}.AppStore|Any CPU.Build.0 = Debug|Any CPU
		{71094B5E-52B1-4842-B15C-722913CC3CA9}.AppStore|ARM.ActiveCfg = Debug|Any CPU
		{71094B5E-52B1-4842-B15C-722913CC3CA9}.AppStore|ARM.Build.0 = Debug|Any CPU
		{71094B5E-52B1-4842-B15C-722913CC3CA9}.AppStore|ARM64.ActiveCfg = Debug|Any CPU
		{71094B5E-52B1-4842-B15C-722913CC3CA9}.AppStore|ARM64.Build.0 = Debug|Any CPU
		{71094B5E-52B1-4842-B15C-722913CC3CA9}.AppStore|iPhone.ActiveCfg = Debug|Any CPU
		{71094B5E-52B1-4842-B15C-722913CC3CA9}.AppStore|iPhone.Build.0 = Debug|Any CPU
		{71094B5E-52B1-4842-B15C-722913CC3CA9}.AppStore|iPhoneSimulator.ActiveCfg = Debug|Any CPU
		{71094B5E-52B1-4842-B15C-722913CC3CA9}.AppStore|iPhoneSimulator.Build.0 = Debug|Any CPU
		{71094B5E-52B1-4842-B15C-722913CC3CA9}.AppStore|x64.ActiveCfg = Debug|Any CPU
		{71094B5E-52B1-4842-B15C-722913CC3CA9}.AppStore|x64.Build.0 = Debug|Any CPU
		{71094B5E-52B1-4842-B15C-722913CC3CA9}.AppStore|x86.ActiveCfg = Debug|Any CPU
		{71094B5E-52B1-4842-B15C-722913CC3CA9}.AppStore|x86.Build.0 = Debug|Any CPU
		{71094B5E-52B1-4842-B15C-722913CC3CA9}.Debug|Any CPU.ActiveCfg = Debug|Any CPU
		{71094B5E-52B1-4842-B15C-722913CC3CA9}.Debug|Any CPU.Build.0 = Debug|Any CPU
		{71094B5E-52B1-4842-B15C-722913CC3CA9}.Debug|ARM.ActiveCfg = Debug|Any CPU
		{71094B5E-52B1-4842-B15C-722913CC3CA9}.Debug|ARM.Build.0 = Debug|Any CPU
		{71094B5E-52B1-4842-B15C-722913CC3CA9}.Debug|ARM64.ActiveCfg = Debug|Any CPU
		{71094B5E-52B1-4842-B15C-722913CC3CA9}.Debug|ARM64.Build.0 = Debug|Any CPU
		{71094B5E-52B1-4842-B15C-722913CC3CA9}.Debug|iPhone.ActiveCfg = Debug|Any CPU
		{71094B5E-52B1-4842-B15C-722913CC3CA9}.Debug|iPhone.Build.0 = Debug|Any CPU
		{71094B5E-52B1-4842-B15C-722913CC3CA9}.Debug|iPhoneSimulator.ActiveCfg = Debug|Any CPU
		{71094B5E-52B1-4842-B15C-722913CC3CA9}.Debug|iPhoneSimulator.Build.0 = Debug|Any CPU
		{71094B5E-52B1-4842-B15C-722913CC3CA9}.Debug|x64.ActiveCfg = Debug|Any CPU
		{71094B5E-52B1-4842-B15C-722913CC3CA9}.Debug|x64.Build.0 = Debug|Any CPU
		{71094B5E-52B1-4842-B15C-722913CC3CA9}.Debug|x86.ActiveCfg = Debug|Any CPU
		{71094B5E-52B1-4842-B15C-722913CC3CA9}.Debug|x86.Build.0 = Debug|Any CPU
		{71094B5E-52B1-4842-B15C-722913CC3CA9}.Release|Any CPU.ActiveCfg = Release|Any CPU
		{71094B5E-52B1-4842-B15C-722913CC3CA9}.Release|Any CPU.Build.0 = Release|Any CPU
		{71094B5E-52B1-4842-B15C-722913CC3CA9}.Release|ARM.ActiveCfg = Release|Any CPU
		{71094B5E-52B1-4842-B15C-722913CC3CA9}.Release|ARM.Build.0 = Release|Any CPU
		{71094B5E-52B1-4842-B15C-722913CC3CA9}.Release|ARM64.ActiveCfg = Release|Any CPU
		{71094B5E-52B1-4842-B15C-722913CC3CA9}.Release|ARM64.Build.0 = Release|Any CPU
		{71094B5E-52B1-4842-B15C-722913CC3CA9}.Release|iPhone.ActiveCfg = Release|Any CPU
		{71094B5E-52B1-4842-B15C-722913CC3CA9}.Release|iPhone.Build.0 = Release|Any CPU
		{71094B5E-52B1-4842-B15C-722913CC3CA9}.Release|iPhoneSimulator.ActiveCfg = Release|Any CPU
		{71094B5E-52B1-4842-B15C-722913CC3CA9}.Release|iPhoneSimulator.Build.0 = Release|Any CPU
		{71094B5E-52B1-4842-B15C-722913CC3CA9}.Release|x64.ActiveCfg = Release|Any CPU
		{71094B5E-52B1-4842-B15C-722913CC3CA9}.Release|x64.Build.0 = Release|Any CPU
		{71094B5E-52B1-4842-B15C-722913CC3CA9}.Release|x86.ActiveCfg = Release|Any CPU
		{71094B5E-52B1-4842-B15C-722913CC3CA9}.Release|x86.Build.0 = Release|Any CPU
		{E43F9E4F-5A25-40BA-8667-2DBA4C2D89DE}.Ad-Hoc|Any CPU.ActiveCfg = Debug|Any CPU
		{E43F9E4F-5A25-40BA-8667-2DBA4C2D89DE}.Ad-Hoc|Any CPU.Build.0 = Debug|Any CPU
		{E43F9E4F-5A25-40BA-8667-2DBA4C2D89DE}.Ad-Hoc|ARM.ActiveCfg = Debug|Any CPU
		{E43F9E4F-5A25-40BA-8667-2DBA4C2D89DE}.Ad-Hoc|ARM.Build.0 = Debug|Any CPU
		{E43F9E4F-5A25-40BA-8667-2DBA4C2D89DE}.Ad-Hoc|ARM64.ActiveCfg = Debug|Any CPU
		{E43F9E4F-5A25-40BA-8667-2DBA4C2D89DE}.Ad-Hoc|ARM64.Build.0 = Debug|Any CPU
		{E43F9E4F-5A25-40BA-8667-2DBA4C2D89DE}.Ad-Hoc|iPhone.ActiveCfg = Debug|Any CPU
		{E43F9E4F-5A25-40BA-8667-2DBA4C2D89DE}.Ad-Hoc|iPhone.Build.0 = Debug|Any CPU
		{E43F9E4F-5A25-40BA-8667-2DBA4C2D89DE}.Ad-Hoc|iPhoneSimulator.ActiveCfg = Debug|Any CPU
		{E43F9E4F-5A25-40BA-8667-2DBA4C2D89DE}.Ad-Hoc|iPhoneSimulator.Build.0 = Debug|Any CPU
		{E43F9E4F-5A25-40BA-8667-2DBA4C2D89DE}.Ad-Hoc|x64.ActiveCfg = Debug|Any CPU
		{E43F9E4F-5A25-40BA-8667-2DBA4C2D89DE}.Ad-Hoc|x64.Build.0 = Debug|Any CPU
		{E43F9E4F-5A25-40BA-8667-2DBA4C2D89DE}.Ad-Hoc|x86.ActiveCfg = Debug|Any CPU
		{E43F9E4F-5A25-40BA-8667-2DBA4C2D89DE}.Ad-Hoc|x86.Build.0 = Debug|Any CPU
		{E43F9E4F-5A25-40BA-8667-2DBA4C2D89DE}.AppStore|Any CPU.ActiveCfg = Debug|Any CPU
		{E43F9E4F-5A25-40BA-8667-2DBA4C2D89DE}.AppStore|Any CPU.Build.0 = Debug|Any CPU
		{E43F9E4F-5A25-40BA-8667-2DBA4C2D89DE}.AppStore|ARM.ActiveCfg = Debug|Any CPU
		{E43F9E4F-5A25-40BA-8667-2DBA4C2D89DE}.AppStore|ARM.Build.0 = Debug|Any CPU
		{E43F9E4F-5A25-40BA-8667-2DBA4C2D89DE}.AppStore|ARM64.ActiveCfg = Debug|Any CPU
		{E43F9E4F-5A25-40BA-8667-2DBA4C2D89DE}.AppStore|ARM64.Build.0 = Debug|Any CPU
		{E43F9E4F-5A25-40BA-8667-2DBA4C2D89DE}.AppStore|iPhone.ActiveCfg = Debug|Any CPU
		{E43F9E4F-5A25-40BA-8667-2DBA4C2D89DE}.AppStore|iPhone.Build.0 = Debug|Any CPU
		{E43F9E4F-5A25-40BA-8667-2DBA4C2D89DE}.AppStore|iPhoneSimulator.ActiveCfg = Debug|Any CPU
		{E43F9E4F-5A25-40BA-8667-2DBA4C2D89DE}.AppStore|iPhoneSimulator.Build.0 = Debug|Any CPU
		{E43F9E4F-5A25-40BA-8667-2DBA4C2D89DE}.AppStore|x64.ActiveCfg = Debug|Any CPU
		{E43F9E4F-5A25-40BA-8667-2DBA4C2D89DE}.AppStore|x64.Build.0 = Debug|Any CPU
		{E43F9E4F-5A25-40BA-8667-2DBA4C2D89DE}.AppStore|x86.ActiveCfg = Debug|Any CPU
		{E43F9E4F-5A25-40BA-8667-2DBA4C2D89DE}.AppStore|x86.Build.0 = Debug|Any CPU
		{E43F9E4F-5A25-40BA-8667-2DBA4C2D89DE}.Debug|Any CPU.ActiveCfg = Debug|Any CPU
		{E43F9E4F-5A25-40BA-8667-2DBA4C2D89DE}.Debug|Any CPU.Build.0 = Debug|Any CPU
		{E43F9E4F-5A25-40BA-8667-2DBA4C2D89DE}.Debug|ARM.ActiveCfg = Debug|Any CPU
		{E43F9E4F-5A25-40BA-8667-2DBA4C2D89DE}.Debug|ARM.Build.0 = Debug|Any CPU
		{E43F9E4F-5A25-40BA-8667-2DBA4C2D89DE}.Debug|ARM64.ActiveCfg = Debug|Any CPU
		{E43F9E4F-5A25-40BA-8667-2DBA4C2D89DE}.Debug|ARM64.Build.0 = Debug|Any CPU
		{E43F9E4F-5A25-40BA-8667-2DBA4C2D89DE}.Debug|iPhone.ActiveCfg = Debug|Any CPU
		{E43F9E4F-5A25-40BA-8667-2DBA4C2D89DE}.Debug|iPhone.Build.0 = Debug|Any CPU
		{E43F9E4F-5A25-40BA-8667-2DBA4C2D89DE}.Debug|iPhoneSimulator.ActiveCfg = Debug|Any CPU
		{E43F9E4F-5A25-40BA-8667-2DBA4C2D89DE}.Debug|iPhoneSimulator.Build.0 = Debug|Any CPU
		{E43F9E4F-5A25-40BA-8667-2DBA4C2D89DE}.Debug|x64.ActiveCfg = Debug|Any CPU
		{E43F9E4F-5A25-40BA-8667-2DBA4C2D89DE}.Debug|x64.Build.0 = Debug|Any CPU
		{E43F9E4F-5A25-40BA-8667-2DBA4C2D89DE}.Debug|x86.ActiveCfg = Debug|Any CPU
		{E43F9E4F-5A25-40BA-8667-2DBA4C2D89DE}.Debug|x86.Build.0 = Debug|Any CPU
		{E43F9E4F-5A25-40BA-8667-2DBA4C2D89DE}.Release|Any CPU.ActiveCfg = Release|Any CPU
		{E43F9E4F-5A25-40BA-8667-2DBA4C2D89DE}.Release|Any CPU.Build.0 = Release|Any CPU
		{E43F9E4F-5A25-40BA-8667-2DBA4C2D89DE}.Release|ARM.ActiveCfg = Release|Any CPU
		{E43F9E4F-5A25-40BA-8667-2DBA4C2D89DE}.Release|ARM.Build.0 = Release|Any CPU
		{E43F9E4F-5A25-40BA-8667-2DBA4C2D89DE}.Release|ARM64.ActiveCfg = Release|Any CPU
		{E43F9E4F-5A25-40BA-8667-2DBA4C2D89DE}.Release|ARM64.Build.0 = Release|Any CPU
		{E43F9E4F-5A25-40BA-8667-2DBA4C2D89DE}.Release|iPhone.ActiveCfg = Release|Any CPU
		{E43F9E4F-5A25-40BA-8667-2DBA4C2D89DE}.Release|iPhone.Build.0 = Release|Any CPU
		{E43F9E4F-5A25-40BA-8667-2DBA4C2D89DE}.Release|iPhoneSimulator.ActiveCfg = Release|Any CPU
		{E43F9E4F-5A25-40BA-8667-2DBA4C2D89DE}.Release|iPhoneSimulator.Build.0 = Release|Any CPU
		{E43F9E4F-5A25-40BA-8667-2DBA4C2D89DE}.Release|x64.ActiveCfg = Release|Any CPU
		{E43F9E4F-5A25-40BA-8667-2DBA4C2D89DE}.Release|x64.Build.0 = Release|Any CPU
		{E43F9E4F-5A25-40BA-8667-2DBA4C2D89DE}.Release|x86.ActiveCfg = Release|Any CPU
		{E43F9E4F-5A25-40BA-8667-2DBA4C2D89DE}.Release|x86.Build.0 = Release|Any CPU
		{E5A147C7-EB7C-4048-A99E-145808781DAB}.Ad-Hoc|Any CPU.ActiveCfg = Debug|Any CPU
		{E5A147C7-EB7C-4048-A99E-145808781DAB}.Ad-Hoc|Any CPU.Build.0 = Debug|Any CPU
		{E5A147C7-EB7C-4048-A99E-145808781DAB}.Ad-Hoc|ARM.ActiveCfg = Debug|Any CPU
		{E5A147C7-EB7C-4048-A99E-145808781DAB}.Ad-Hoc|ARM.Build.0 = Debug|Any CPU
		{E5A147C7-EB7C-4048-A99E-145808781DAB}.Ad-Hoc|ARM64.ActiveCfg = Debug|Any CPU
		{E5A147C7-EB7C-4048-A99E-145808781DAB}.Ad-Hoc|ARM64.Build.0 = Debug|Any CPU
		{E5A147C7-EB7C-4048-A99E-145808781DAB}.Ad-Hoc|iPhone.ActiveCfg = Debug|Any CPU
		{E5A147C7-EB7C-4048-A99E-145808781DAB}.Ad-Hoc|iPhone.Build.0 = Debug|Any CPU
		{E5A147C7-EB7C-4048-A99E-145808781DAB}.Ad-Hoc|iPhoneSimulator.ActiveCfg = Debug|Any CPU
		{E5A147C7-EB7C-4048-A99E-145808781DAB}.Ad-Hoc|iPhoneSimulator.Build.0 = Debug|Any CPU
		{E5A147C7-EB7C-4048-A99E-145808781DAB}.Ad-Hoc|x64.ActiveCfg = Debug|Any CPU
		{E5A147C7-EB7C-4048-A99E-145808781DAB}.Ad-Hoc|x64.Build.0 = Debug|Any CPU
		{E5A147C7-EB7C-4048-A99E-145808781DAB}.Ad-Hoc|x86.ActiveCfg = Debug|Any CPU
		{E5A147C7-EB7C-4048-A99E-145808781DAB}.Ad-Hoc|x86.Build.0 = Debug|Any CPU
		{E5A147C7-EB7C-4048-A99E-145808781DAB}.AppStore|Any CPU.ActiveCfg = Debug|Any CPU
		{E5A147C7-EB7C-4048-A99E-145808781DAB}.AppStore|Any CPU.Build.0 = Debug|Any CPU
		{E5A147C7-EB7C-4048-A99E-145808781DAB}.AppStore|ARM.ActiveCfg = Debug|Any CPU
		{E5A147C7-EB7C-4048-A99E-145808781DAB}.AppStore|ARM.Build.0 = Debug|Any CPU
		{E5A147C7-EB7C-4048-A99E-145808781DAB}.AppStore|ARM64.ActiveCfg = Debug|Any CPU
		{E5A147C7-EB7C-4048-A99E-145808781DAB}.AppStore|ARM64.Build.0 = Debug|Any CPU
		{E5A147C7-EB7C-4048-A99E-145808781DAB}.AppStore|iPhone.ActiveCfg = Debug|Any CPU
		{E5A147C7-EB7C-4048-A99E-145808781DAB}.AppStore|iPhone.Build.0 = Debug|Any CPU
		{E5A147C7-EB7C-4048-A99E-145808781DAB}.AppStore|iPhoneSimulator.ActiveCfg = Debug|Any CPU
		{E5A147C7-EB7C-4048-A99E-145808781DAB}.AppStore|iPhoneSimulator.Build.0 = Debug|Any CPU
		{E5A147C7-EB7C-4048-A99E-145808781DAB}.AppStore|x64.ActiveCfg = Debug|Any CPU
		{E5A147C7-EB7C-4048-A99E-145808781DAB}.AppStore|x64.Build.0 = Debug|Any CPU
		{E5A147C7-EB7C-4048-A99E-145808781DAB}.AppStore|x86.ActiveCfg = Debug|Any CPU
		{E5A147C7-EB7C-4048-A99E-145808781DAB}.AppStore|x86.Build.0 = Debug|Any CPU
		{E5A147C7-EB7C-4048-A99E-145808781DAB}.Debug|Any CPU.ActiveCfg = Debug|Any CPU
		{E5A147C7-EB7C-4048-A99E-145808781DAB}.Debug|Any CPU.Build.0 = Debug|Any CPU
		{E5A147C7-EB7C-4048-A99E-145808781DAB}.Debug|ARM.ActiveCfg = Debug|Any CPU
		{E5A147C7-EB7C-4048-A99E-145808781DAB}.Debug|ARM.Build.0 = Debug|Any CPU
		{E5A147C7-EB7C-4048-A99E-145808781DAB}.Debug|ARM64.ActiveCfg = Debug|Any CPU
		{E5A147C7-EB7C-4048-A99E-145808781DAB}.Debug|ARM64.Build.0 = Debug|Any CPU
		{E5A147C7-EB7C-4048-A99E-145808781DAB}.Debug|iPhone.ActiveCfg = Debug|Any CPU
		{E5A147C7-EB7C-4048-A99E-145808781DAB}.Debug|iPhone.Build.0 = Debug|Any CPU
		{E5A147C7-EB7C-4048-A99E-145808781DAB}.Debug|iPhoneSimulator.ActiveCfg = Debug|Any CPU
		{E5A147C7-EB7C-4048-A99E-145808781DAB}.Debug|iPhoneSimulator.Build.0 = Debug|Any CPU
		{E5A147C7-EB7C-4048-A99E-145808781DAB}.Debug|x64.ActiveCfg = Debug|Any CPU
		{E5A147C7-EB7C-4048-A99E-145808781DAB}.Debug|x64.Build.0 = Debug|Any CPU
		{E5A147C7-EB7C-4048-A99E-145808781DAB}.Debug|x86.ActiveCfg = Debug|Any CPU
		{E5A147C7-EB7C-4048-A99E-145808781DAB}.Debug|x86.Build.0 = Debug|Any CPU
		{E5A147C7-EB7C-4048-A99E-145808781DAB}.Release|Any CPU.ActiveCfg = Release|Any CPU
		{E5A147C7-EB7C-4048-A99E-145808781DAB}.Release|Any CPU.Build.0 = Release|Any CPU
		{E5A147C7-EB7C-4048-A99E-145808781DAB}.Release|ARM.ActiveCfg = Release|Any CPU
		{E5A147C7-EB7C-4048-A99E-145808781DAB}.Release|ARM.Build.0 = Release|Any CPU
		{E5A147C7-EB7C-4048-A99E-145808781DAB}.Release|ARM64.ActiveCfg = Release|Any CPU
		{E5A147C7-EB7C-4048-A99E-145808781DAB}.Release|ARM64.Build.0 = Release|Any CPU
		{E5A147C7-EB7C-4048-A99E-145808781DAB}.Release|iPhone.ActiveCfg = Release|Any CPU
		{E5A147C7-EB7C-4048-A99E-145808781DAB}.Release|iPhone.Build.0 = Release|Any CPU
		{E5A147C7-EB7C-4048-A99E-145808781DAB}.Release|iPhoneSimulator.ActiveCfg = Release|Any CPU
		{E5A147C7-EB7C-4048-A99E-145808781DAB}.Release|iPhoneSimulator.Build.0 = Release|Any CPU
		{E5A147C7-EB7C-4048-A99E-145808781DAB}.Release|x64.ActiveCfg = Release|Any CPU
		{E5A147C7-EB7C-4048-A99E-145808781DAB}.Release|x64.Build.0 = Release|Any CPU
		{E5A147C7-EB7C-4048-A99E-145808781DAB}.Release|x86.ActiveCfg = Release|Any CPU
		{E5A147C7-EB7C-4048-A99E-145808781DAB}.Release|x86.Build.0 = Release|Any CPU
	EndGlobalSection
	GlobalSection(SolutionProperties) = preSolution
		HideSolutionNode = FALSE
	EndGlobalSection
	GlobalSection(NestedProjects) = preSolution
		{60AEEB9D-4D8E-485B-A004-B287E6207EE1} = {BFB83316-472D-452E-A5DD-7B5C47CE435B}
		{1D78E57D-3A50-423C-BE95-BF36B818092E} = {927BA1D5-EFE2-40E8-9838-B1C20FB86F6C}
		{5D6020E0-0C13-4E0A-B0EC-096795BB3BD6} = {927BA1D5-EFE2-40E8-9838-B1C20FB86F6C}
		{6645BDDE-A91E-4277-99DA-6265E471BD11} = {927BA1D5-EFE2-40E8-9838-B1C20FB86F6C}
		{56B5EFFA-DC54-4A77-B92A-D7E14E1D98F4} = {BFB83316-472D-452E-A5DD-7B5C47CE435B}
		{4BE16262-0E18-44A7-9B50-503CCA9A3AA4} = {BFB83316-472D-452E-A5DD-7B5C47CE435B}
		{E239185C-A2DC-4564-98A6-979F8CCC4645} = {BFB83316-472D-452E-A5DD-7B5C47CE435B}
		{CD5270F3-4435-4830-978B-61114A9ED48D} = {D4F081D7-D690-418B-AB95-35809CC30C6C}
		{A71B51F4-D774-4B45-968C-60F1C26A096D} = {D4F081D7-D690-418B-AB95-35809CC30C6C}
		{6279C845-92F8-4333-AB99-3D213163593C} = {D1613FAF-9D55-4AA2-81E6-77C97E59128C}
		{8DC242B9-78BD-4287-A314-9A0BE38ACADD} = {D1613FAF-9D55-4AA2-81E6-77C97E59128C}
		{87D21DDC-5557-46FD-9CED-AD4EE830FA75} = {8DC242B9-78BD-4287-A314-9A0BE38ACADD}
		{90F3E94D-1A60-44DB-83C2-FADF477B920D} = {8DC242B9-78BD-4287-A314-9A0BE38ACADD}
		{AAC0F653-5D04-48CB-8903-ACF4E94AEB1B} = {8DC242B9-78BD-4287-A314-9A0BE38ACADD}
		{95AE6077-D8D4-4FA1-A343-3FC791878133} = {8DC242B9-78BD-4287-A314-9A0BE38ACADD}
		{926E14B9-4F0D-42E7-93EA-676D8CDA3E78} = {8DC242B9-78BD-4287-A314-9A0BE38ACADD}
		{1E85EB83-5BA2-44E9-8001-56D347AD44B0} = {8DC242B9-78BD-4287-A314-9A0BE38ACADD}
		{71094B5E-52B1-4842-B15C-722913CC3CA9} = {8DC242B9-78BD-4287-A314-9A0BE38ACADD}
		{E43F9E4F-5A25-40BA-8667-2DBA4C2D89DE} = {8DC242B9-78BD-4287-A314-9A0BE38ACADD}
		{E5A147C7-EB7C-4048-A99E-145808781DAB} = {8DC242B9-78BD-4287-A314-9A0BE38ACADD}
	EndGlobalSection
	GlobalSection(ExtensibilityGlobals) = postSolution
		SolutionGuid = {570998F7-B168-4075-83F8-7BF083B31D41}
	EndGlobalSection
EndGlobal
